// !$*UTF8*$!
{
	archiveVersion = 1;
	classes = {
	};
	objectVersion = 46;
	objects = {

/* Begin PBXBuildFile section */
		E36669C217A6D49F00A3E39C /* first.png in Resources */ = {isa = PBXBuildFile; fileRef = E36669BD17A6D49F00A3E39C /* first.png */; };
		E36669C317A6D49F00A3E39C /* first@2x.png in Resources */ = {isa = PBXBuildFile; fileRef = E36669BE17A6D49F00A3E39C /* first@2x.png */; };
		E36669C417A6D49F00A3E39C /* second.png in Resources */ = {isa = PBXBuildFile; fileRef = E36669BF17A6D49F00A3E39C /* second.png */; };
		E36669C517A6D49F00A3E39C /* second@2x.png in Resources */ = {isa = PBXBuildFile; fileRef = E36669C017A6D49F00A3E39C /* second@2x.png */; };
		E36669C817A6D4C900A3E39C /* HomeViewController.m in Sources */ = {isa = PBXBuildFile; fileRef = E36669C717A6D4C900A3E39C /* HomeViewController.m */; };
		E36669CB17A6D50E00A3E39C /* NearbyViewController.m in Sources */ = {isa = PBXBuildFile; fileRef = E36669CA17A6D50E00A3E39C /* NearbyViewController.m */; };
		E36669CE17A6D54800A3E39C /* MessageViewController.m in Sources */ = {isa = PBXBuildFile; fileRef = E36669CD17A6D54800A3E39C /* MessageViewController.m */; };
		E36669D117A6D55C00A3E39C /* MineViewController.m in Sources */ = {isa = PBXBuildFile; fileRef = E36669D017A6D55C00A3E39C /* MineViewController.m */; };
		E36669D717A6DC6A00A3E39C /* BaseViewController.m in Sources */ = {isa = PBXBuildFile; fileRef = E36669D617A6DC6A00A3E39C /* BaseViewController.m */; };
		E36E9DAE17A6CBF100AC2DB6 /* UIKit.framework in Frameworks */ = {isa = PBXBuildFile; fileRef = E36E9DAD17A6CBF100AC2DB6 /* UIKit.framework */; };
		E36E9DB017A6CBF100AC2DB6 /* Foundation.framework in Frameworks */ = {isa = PBXBuildFile; fileRef = E36E9DAF17A6CBF100AC2DB6 /* Foundation.framework */; };
		E36E9DB217A6CBF100AC2DB6 /* CoreGraphics.framework in Frameworks */ = {isa = PBXBuildFile; fileRef = E36E9DB117A6CBF100AC2DB6 /* CoreGraphics.framework */; };
		E36E9DB817A6CBF100AC2DB6 /* InfoPlist.strings in Resources */ = {isa = PBXBuildFile; fileRef = E36E9DB617A6CBF100AC2DB6 /* InfoPlist.strings */; };
		E36E9DBA17A6CBF100AC2DB6 /* main.m in Sources */ = {isa = PBXBuildFile; fileRef = E36E9DB917A6CBF100AC2DB6 /* main.m */; };
		E36E9DBE17A6CBF100AC2DB6 /* AppDelegate.m in Sources */ = {isa = PBXBuildFile; fileRef = E36E9DBD17A6CBF100AC2DB6 /* AppDelegate.m */; };
		E36E9DC017A6CBF100AC2DB6 /* Default.png in Resources */ = {isa = PBXBuildFile; fileRef = E36E9DBF17A6CBF100AC2DB6 /* Default.png */; };
		E36E9DC217A6CBF100AC2DB6 /* Default@2x.png in Resources */ = {isa = PBXBuildFile; fileRef = E36E9DC117A6CBF100AC2DB6 /* Default@2x.png */; };
		E36E9DC417A6CBF100AC2DB6 /* Default-568h@2x.png in Resources */ = {isa = PBXBuildFile; fileRef = E36E9DC317A6CBF100AC2DB6 /* Default-568h@2x.png */; };
/* End PBXBuildFile section */

/* Begin PBXFileReference section */
		E36669BD17A6D49F00A3E39C /* first.png */ = {isa = PBXFileReference; lastKnownFileType = image.png; path = first.png; sourceTree = "<group>"; };
		E36669BE17A6D49F00A3E39C /* first@2x.png */ = {isa = PBXFileReference; lastKnownFileType = image.png; path = "first@2x.png"; sourceTree = "<group>"; };
		E36669BF17A6D49F00A3E39C /* second.png */ = {isa = PBXFileReference; lastKnownFileType = image.png; path = second.png; sourceTree = "<group>"; };
		E36669C017A6D49F00A3E39C /* second@2x.png */ = {isa = PBXFileReference; lastKnownFileType = image.png; path = "second@2x.png"; sourceTree = "<group>"; };
		E36669C617A6D4C900A3E39C /* HomeViewController.h */ = {isa = PBXFileReference; fileEncoding = 4; lastKnownFileType = sourcecode.c.h; path = HomeViewController.h; sourceTree = "<group>"; };
		E36669C717A6D4C900A3E39C /* HomeViewController.m */ = {isa = PBXFileReference; fileEncoding = 4; lastKnownFileType = sourcecode.c.objc; path = HomeViewController.m; sourceTree = "<group>"; };
		E36669C917A6D50E00A3E39C /* NearbyViewController.h */ = {isa = PBXFileReference; fileEncoding = 4; lastKnownFileType = sourcecode.c.h; path = NearbyViewController.h; sourceTree = "<group>"; };
		E36669CA17A6D50E00A3E39C /* NearbyViewController.m */ = {isa = PBXFileReference; fileEncoding = 4; lastKnownFileType = sourcecode.c.objc; path = NearbyViewController.m; sourceTree = "<group>"; };
		E36669CC17A6D54800A3E39C /* MessageViewController.h */ = {isa = PBXFileReference; fileEncoding = 4; lastKnownFileType = sourcecode.c.h; path = MessageViewController.h; sourceTree = "<group>"; };
		E36669CD17A6D54800A3E39C /* MessageViewController.m */ = {isa = PBXFileReference; fileEncoding = 4; lastKnownFileType = sourcecode.c.objc; path = MessageViewController.m; sourceTree = "<group>"; };
		E36669CF17A6D55C00A3E39C /* MineViewController.h */ = {isa = PBXFileReference; fileEncoding = 4; lastKnownFileType = sourcecode.c.h; path = MineViewController.h; sourceTree = "<group>"; };
		E36669D017A6D55C00A3E39C /* MineViewController.m */ = {isa = PBXFileReference; fileEncoding = 4; lastKnownFileType = sourcecode.c.objc; path = MineViewController.m; sourceTree = "<group>"; };
		E36669D217A6D7CA00A3E39C /* common.h */ = {isa = PBXFileReference; fileEncoding = 4; lastKnownFileType = sourcecode.c.h; path = common.h; sourceTree = "<group>"; };
		E36669D317A6D91200A3E39C /* viewGlobal.h */ = {isa = PBXFileReference; lastKnownFileType = sourcecode.c.h; path = viewGlobal.h; sourceTree = "<group>"; };
		E36669D517A6DC6A00A3E39C /* BaseViewController.h */ = {isa = PBXFileReference; fileEncoding = 4; lastKnownFileType = sourcecode.c.h; path = BaseViewController.h; sourceTree = "<group>"; };
		E36669D617A6DC6A00A3E39C /* BaseViewController.m */ = {isa = PBXFileReference; fileEncoding = 4; lastKnownFileType = sourcecode.c.objc; path = BaseViewController.m; sourceTree = "<group>"; };
		E36669D917A6E14600A3E39C /* BaseNavigationBar.h */ = {isa = PBXFileReference; lastKnownFileType = sourcecode.c.h; path = BaseNavigationBar.h; sourceTree = "<group>"; };
		E36E9DAA17A6CBF100AC2DB6 /* pincheke.app */ = {isa = PBXFileReference; explicitFileType = wrapper.application; includeInIndex = 0; path = pincheke.app; sourceTree = BUILT_PRODUCTS_DIR; };
		E36E9DAD17A6CBF100AC2DB6 /* UIKit.framework */ = {isa = PBXFileReference; lastKnownFileType = wrapper.framework; name = UIKit.framework; path = System/Library/Frameworks/UIKit.framework; sourceTree = SDKROOT; };
		E36E9DAF17A6CBF100AC2DB6 /* Foundation.framework */ = {isa = PBXFileReference; lastKnownFileType = wrapper.framework; name = Foundation.framework; path = System/Library/Frameworks/Foundation.framework; sourceTree = SDKROOT; };
		E36E9DB117A6CBF100AC2DB6 /* CoreGraphics.framework */ = {isa = PBXFileReference; lastKnownFileType = wrapper.framework; name = CoreGraphics.framework; path = System/Library/Frameworks/CoreGraphics.framework; sourceTree = SDKROOT; };
		E36E9DB517A6CBF100AC2DB6 /* pincheke-Info.plist */ = {isa = PBXFileReference; lastKnownFileType = text.plist.xml; path = "pincheke-Info.plist"; sourceTree = "<group>"; };
		E36E9DB917A6CBF100AC2DB6 /* main.m */ = {isa = PBXFileReference; lastKnownFileType = sourcecode.c.objc; path = main.m; sourceTree = "<group>"; };
		E36E9DBB17A6CBF100AC2DB6 /* pincheke-Prefix.pch */ = {isa = PBXFileReference; lastKnownFileType = sourcecode.c.h; path = "pincheke-Prefix.pch"; sourceTree = "<group>"; };
		E36E9DBC17A6CBF100AC2DB6 /* AppDelegate.h */ = {isa = PBXFileReference; lastKnownFileType = sourcecode.c.h; path = AppDelegate.h; sourceTree = "<group>"; };
		E36E9DBD17A6CBF100AC2DB6 /* AppDelegate.m */ = {isa = PBXFileReference; lastKnownFileType = sourcecode.c.objc; path = AppDelegate.m; sourceTree = "<group>"; };
		E36E9DBF17A6CBF100AC2DB6 /* Default.png */ = {isa = PBXFileReference; lastKnownFileType = image.png; path = Default.png; sourceTree = "<group>"; };
		E36E9DC117A6CBF100AC2DB6 /* Default@2x.png */ = {isa = PBXFileReference; lastKnownFileType = image.png; path = "Default@2x.png"; sourceTree = "<group>"; };
		E36E9DC317A6CBF100AC2DB6 /* Default-568h@2x.png */ = {isa = PBXFileReference; lastKnownFileType = image.png; path = "Default-568h@2x.png"; sourceTree = "<group>"; };
		E36E9DE117A6D08400AC2DB6 /* zh-Hans */ = {isa = PBXFileReference; lastKnownFileType = text.plist.strings; name = "zh-Hans"; path = "zh-Hans.lproj/InfoPlist.strings"; sourceTree = "<group>"; };
/* End PBXFileReference section */

/* Begin PBXFrameworksBuildPhase section */
		E36E9DA717A6CBF100AC2DB6 /* Frameworks */ = {
			isa = PBXFrameworksBuildPhase;
			buildActionMask = 2147483647;
			files = (
				E36E9DAE17A6CBF100AC2DB6 /* UIKit.framework in Frameworks */,
				E36E9DB017A6CBF100AC2DB6 /* Foundation.framework in Frameworks */,
				E36E9DB217A6CBF100AC2DB6 /* CoreGraphics.framework in Frameworks */,
			);
			runOnlyForDeploymentPostprocessing = 0;
		};
/* End PBXFrameworksBuildPhase section */

/* Begin PBXGroup section */
		E36669BC17A6D49F00A3E39C /* images */ = {
			isa = PBXGroup;
			children = (
				E36669BD17A6D49F00A3E39C /* first.png */,
				E36669BE17A6D49F00A3E39C /* first@2x.png */,
				E36669BF17A6D49F00A3E39C /* second.png */,
				E36669C017A6D49F00A3E39C /* second@2x.png */,
			);
			path = images;
			sourceTree = "<group>";
		};
		E36669C117A6D49F00A3E39C /* viewController */ = {
			isa = PBXGroup;
			children = (
				E36669C617A6D4C900A3E39C /* HomeViewController.h */,
				E36669C717A6D4C900A3E39C /* HomeViewController.m */,
				E36669C917A6D50E00A3E39C /* NearbyViewController.h */,
				E36669CA17A6D50E00A3E39C /* NearbyViewController.m */,
				E36669CC17A6D54800A3E39C /* MessageViewController.h */,
				E36669CD17A6D54800A3E39C /* MessageViewController.m */,
				E36669CF17A6D55C00A3E39C /* MineViewController.h */,
				E36669D017A6D55C00A3E39C /* MineViewController.m */,
			);
			path = viewController;
			sourceTree = "<group>";
		};
		E36669D417A6DA4100A3E39C /* baseUI */ = {
			isa = PBXGroup;
			children = (
				E36669D517A6DC6A00A3E39C /* BaseViewController.h */,
				E36669D617A6DC6A00A3E39C /* BaseViewController.m */,
				E36669D917A6E14600A3E39C /* BaseNavigationBar.h */,
			);
			path = baseUI;
			sourceTree = "<group>";
		};
		E36669D817A6DFA700A3E39C /* thirdSDK */ = {
			isa = PBXGroup;
			children = (
			);
			path = thirdSDK;
			sourceTree = "<group>";
		};
		E36E9DA117A6CBF100AC2DB6 = {
			isa = PBXGroup;
			children = (
				E36E9DB317A6CBF100AC2DB6 /* pincheke */,
				E36E9DAC17A6CBF100AC2DB6 /* Frameworks */,
				E36E9DAB17A6CBF100AC2DB6 /* Products */,
			);
			sourceTree = "<group>";
		};
		E36E9DAB17A6CBF100AC2DB6 /* Products */ = {
			isa = PBXGroup;
			children = (
				E36E9DAA17A6CBF100AC2DB6 /* pincheke.app */,
			);
			name = Products;
			sourceTree = "<group>";
		};
		E36E9DAC17A6CBF100AC2DB6 /* Frameworks */ = {
			isa = PBXGroup;
			children = (
				E36E9DAD17A6CBF100AC2DB6 /* UIKit.framework */,
				E36E9DAF17A6CBF100AC2DB6 /* Foundation.framework */,
				E36E9DB117A6CBF100AC2DB6 /* CoreGraphics.framework */,
			);
			name = Frameworks;
			sourceTree = "<group>";
		};
		E36E9DB317A6CBF100AC2DB6 /* pincheke */ = {
			isa = PBXGroup;
			children = (
				E36669D817A6DFA700A3E39C /* thirdSDK */,
				E36669D417A6DA4100A3E39C /* baseUI */,
				E36669BC17A6D49F00A3E39C /* images */,
				E36669C117A6D49F00A3E39C /* viewController */,
				E36E9DDE17A6CD5E00AC2DB6 /* global */,
				E36E9DBC17A6CBF100AC2DB6 /* AppDelegate.h */,
				E36E9DBD17A6CBF100AC2DB6 /* AppDelegate.m */,
				E36E9DB417A6CBF100AC2DB6 /* Supporting Files */,
			);
			path = pincheke;
			sourceTree = "<group>";
		};
		E36E9DB417A6CBF100AC2DB6 /* Supporting Files */ = {
			isa = PBXGroup;
			children = (
				E36E9DB517A6CBF100AC2DB6 /* pincheke-Info.plist */,
				E36E9DB617A6CBF100AC2DB6 /* InfoPlist.strings */,
				E36E9DB917A6CBF100AC2DB6 /* main.m */,
				E36E9DBB17A6CBF100AC2DB6 /* pincheke-Prefix.pch */,
				E36E9DBF17A6CBF100AC2DB6 /* Default.png */,
				E36E9DC117A6CBF100AC2DB6 /* Default@2x.png */,
				E36E9DC317A6CBF100AC2DB6 /* Default-568h@2x.png */,
			);
			name = "Supporting Files";
			sourceTree = "<group>";
		};
		E36E9DDE17A6CD5E00AC2DB6 /* global */ = {
			isa = PBXGroup;
			children = (
				E36669D217A6D7CA00A3E39C /* common.h */,
				E36669D317A6D91200A3E39C /* viewGlobal.h */,
			);
			path = global;
			sourceTree = "<group>";
		};
/* End PBXGroup section */

/* Begin PBXNativeTarget section */
		E36E9DA917A6CBF100AC2DB6 /* pincheke */ = {
			isa = PBXNativeTarget;
			buildConfigurationList = E36E9DDB17A6CBF100AC2DB6 /* Build configuration list for PBXNativeTarget "pincheke" */;
			buildPhases = (
				E36E9DA617A6CBF100AC2DB6 /* Sources */,
				E36E9DA717A6CBF100AC2DB6 /* Frameworks */,
				E36E9DA817A6CBF100AC2DB6 /* Resources */,
			);
			buildRules = (
			);
			dependencies = (
			);
			name = pincheke;
			productName = pincheke;
			productReference = E36E9DAA17A6CBF100AC2DB6 /* pincheke.app */;
			productType = "com.apple.product-type.application";
		};
/* End PBXNativeTarget section */

/* Begin PBXProject section */
		E36E9DA217A6CBF100AC2DB6 /* Project object */ = {
			isa = PBXProject;
			attributes = {
				LastUpgradeCheck = 0460;
				ORGANIZATIONNAME = duan;
			};
			buildConfigurationList = E36E9DA517A6CBF100AC2DB6 /* Build configuration list for PBXProject "pincheke" */;
			compatibilityVersion = "Xcode 3.2";
			developmentRegion = English;
			hasScannedForEncodings = 0;
			knownRegions = (
				en,
				"zh-Hans",
			);
			mainGroup = E36E9DA117A6CBF100AC2DB6;
			productRefGroup = E36E9DAB17A6CBF100AC2DB6 /* Products */;
			projectDirPath = "";
			projectRoot = "";
			targets = (
				E36E9DA917A6CBF100AC2DB6 /* pincheke */,
			);
		};
/* End PBXProject section */

/* Begin PBXResourcesBuildPhase section */
		E36E9DA817A6CBF100AC2DB6 /* Resources */ = {
			isa = PBXResourcesBuildPhase;
			buildActionMask = 2147483647;
			files = (
				E36E9DB817A6CBF100AC2DB6 /* InfoPlist.strings in Resources */,
				E36E9DC017A6CBF100AC2DB6 /* Default.png in Resources */,
				E36E9DC217A6CBF100AC2DB6 /* Default@2x.png in Resources */,
				E36E9DC417A6CBF100AC2DB6 /* Default-568h@2x.png in Resources */,
				E36669C217A6D49F00A3E39C /* first.png in Resources */,
				E36669C317A6D49F00A3E39C /* first@2x.png in Resources */,
				E36669C417A6D49F00A3E39C /* second.png in Resources */,
				E36669C517A6D49F00A3E39C /* second@2x.png in Resources */,
			);
			runOnlyForDeploymentPostprocessing = 0;
		};
/* End PBXResourcesBuildPhase section */

/* Begin PBXSourcesBuildPhase section */
		E36E9DA617A6CBF100AC2DB6 /* Sources */ = {
			isa = PBXSourcesBuildPhase;
			buildActionMask = 2147483647;
			files = (
				E36E9DBA17A6CBF100AC2DB6 /* main.m in Sources */,
				E36E9DBE17A6CBF100AC2DB6 /* AppDelegate.m in Sources */,
				E36669C817A6D4C900A3E39C /* HomeViewController.m in Sources */,
				E36669CB17A6D50E00A3E39C /* NearbyViewController.m in Sources */,
				E36669CE17A6D54800A3E39C /* MessageViewController.m in Sources */,
				E36669D117A6D55C00A3E39C /* MineViewController.m in Sources */,
				E36669D717A6DC6A00A3E39C /* BaseViewController.m in Sources */,
			);
			runOnlyForDeploymentPostprocessing = 0;
		};
/* End PBXSourcesBuildPhase section */

/* Begin PBXVariantGroup section */
		E36E9DB617A6CBF100AC2DB6 /* InfoPlist.strings */ = {
			isa = PBXVariantGroup;
			children = (
				E36E9DE117A6D08400AC2DB6 /* zh-Hans */,
			);
			name = InfoPlist.strings;
			sourceTree = "<group>";
		};
/* End PBXVariantGroup section */

/* Begin XCBuildConfiguration section */
		E36E9DD917A6CBF100AC2DB6 /* Debug */ = {
			isa = XCBuildConfiguration;
			buildSettings = {
				ALWAYS_SEARCH_USER_PATHS = NO;
				CLANG_CXX_LANGUAGE_STANDARD = "gnu++0x";
				CLANG_CXX_LIBRARY = "libc++";
				CLANG_WARN_CONSTANT_CONVERSION = YES;
				CLANG_WARN_EMPTY_BODY = YES;
				CLANG_WARN_ENUM_CONVERSION = YES;
				CLANG_WARN_INT_CONVERSION = YES;
				CLANG_WARN__DUPLICATE_METHOD_MATCH = YES;
				CODE_SIGN_IDENTITY = "";
				"CODE_SIGN_IDENTITY[sdk=iphoneos*]" = "iPhone Developer";
				COPY_PHASE_STRIP = NO;
				GCC_C_LANGUAGE_STANDARD = gnu99;
				GCC_DYNAMIC_NO_PIC = NO;
				GCC_OPTIMIZATION_LEVEL = 0;
				GCC_PREPROCESSOR_DEFINITIONS = (
					"DEBUG=1",
					"$(inherited)",
				);
				GCC_SYMBOLS_PRIVATE_EXTERN = NO;
				GCC_WARN_ABOUT_RETURN_TYPE = YES;
				GCC_WARN_UNINITIALIZED_AUTOS = YES;
				GCC_WARN_UNUSED_VARIABLE = YES;
				IPHONEOS_DEPLOYMENT_TARGET = 4.3;
				ONLY_ACTIVE_ARCH = YES;
				SDKROOT = iphoneos;
			};
			name = Debug;
		};
		E36E9DDA17A6CBF100AC2DB6 /* Release */ = {
			isa = XCBuildConfiguration;
			buildSettings = {
				ALWAYS_SEARCH_USER_PATHS = NO;
				CLANG_CXX_LANGUAGE_STANDARD = "gnu++0x";
				CLANG_CXX_LIBRARY = "libc++";
				CLANG_WARN_CONSTANT_CONVERSION = YES;
				CLANG_WARN_EMPTY_BODY = YES;
				CLANG_WARN_ENUM_CONVERSION = YES;
				CLANG_WARN_INT_CONVERSION = YES;
				CLANG_WARN__DUPLICATE_METHOD_MATCH = YES;
				CODE_SIGN_IDENTITY = "";
				"CODE_SIGN_IDENTITY[sdk=iphoneos*]" = "iPhone Developer";
				COPY_PHASE_STRIP = YES;
				GCC_C_LANGUAGE_STANDARD = gnu99;
				GCC_WARN_ABOUT_RETURN_TYPE = YES;
				GCC_WARN_UNINITIALIZED_AUTOS = YES;
				GCC_WARN_UNUSED_VARIABLE = YES;
				IPHONEOS_DEPLOYMENT_TARGET = 4.3;
				OTHER_CFLAGS = "-DNS_BLOCK_ASSERTIONS=1";
				SDKROOT = iphoneos;
				VALIDATE_PRODUCT = YES;
			};
			name = Release;
		};
		E36E9DDC17A6CBF100AC2DB6 /* Debug */ = {
			isa = XCBuildConfiguration;
			buildSettings = {
				GCC_PRECOMPILE_PREFIX_HEADER = YES;
				GCC_PREFIX_HEADER = "pincheke/pincheke-Prefix.pch";
				INFOPLIST_FILE = "pincheke/pincheke-Info.plist";
				IPHONEOS_DEPLOYMENT_TARGET = 4.3;
				PRODUCT_NAME = "$(TARGET_NAME)";
				WRAPPER_EXTENSION = app;
			};
			name = Debug;
		};
		E36E9DDD17A6CBF100AC2DB6 /* Release */ = {
			isa = XCBuildConfiguration;
			buildSettings = {
				GCC_PRECOMPILE_PREFIX_HEADER = YES;
				GCC_PREFIX_HEADER = "pincheke/pincheke-Prefix.pch";
				INFOPLIST_FILE = "pincheke/pincheke-Info.plist";
				IPHONEOS_DEPLOYMENT_TARGET = 4.3;
				PRODUCT_NAME = "$(TARGET_NAME)";
				WRAPPER_EXTENSION = app;
			};
			name = Release;
		};
/* End XCBuildConfiguration section */

/* Begin XCConfigurationList section */
		E36E9DA517A6CBF100AC2DB6 /* Build configuration list for PBXProject "pincheke" */ = {
			isa = XCConfigurationList;
			buildConfigurations = (
				E36E9DD917A6CBF100AC2DB6 /* Debug */,
				E36E9DDA17A6CBF100AC2DB6 /* Release */,
			);
			defaultConfigurationIsVisible = 0;
			defaultConfigurationName = Release;
		};
		E36E9DDB17A6CBF100AC2DB6 /* Build configuration list for PBXNativeTarget "pincheke" */ = {
			isa = XCConfigurationList;
			buildConfigurations = (
				E36E9DDC17A6CBF100AC2DB6 /* Debug */,
				E36E9DDD17A6CBF100AC2DB6 /* Release */,
			);
			defaultConfigurationIsVisible = 0;
			defaultConfigurationName = Release;
		};
/* End XCConfigurationList section */
	};
	rootObject = E36E9DA217A6CBF100AC2DB6 /* Project object */;
}
