// !$*UTF8*$!
{
	archiveVersion = 1;
	classes = {
	};
	objectVersion = 46;
	objects = {

/* Begin PBXBuildFile section */
		E36669C817A6D4C900A3E39C /* HomeViewController.m in Sources */ = {isa = PBXBuildFile; fileRef = E36669C717A6D4C900A3E39C /* HomeViewController.m */; };
		E36669CB17A6D50E00A3E39C /* NearbyViewController.m in Sources */ = {isa = PBXBuildFile; fileRef = E36669CA17A6D50E00A3E39C /* NearbyViewController.m */; };
		E36669CE17A6D54800A3E39C /* MessageViewController.m in Sources */ = {isa = PBXBuildFile; fileRef = E36669CD17A6D54800A3E39C /* MessageViewController.m */; };
		E36669D117A6D55C00A3E39C /* MineViewController.m in Sources */ = {isa = PBXBuildFile; fileRef = E36669D017A6D55C00A3E39C /* MineViewController.m */; };
		E36669D717A6DC6A00A3E39C /* BaseViewController.m in Sources */ = {isa = PBXBuildFile; fileRef = E36669D617A6DC6A00A3E39C /* BaseViewController.m */; };
		E36E9DAE17A6CBF100AC2DB6 /* UIKit.framework in Frameworks */ = {isa = PBXBuildFile; fileRef = E36E9DAD17A6CBF100AC2DB6 /* UIKit.framework */; };
		E36E9DB017A6CBF100AC2DB6 /* Foundation.framework in Frameworks */ = {isa = PBXBuildFile; fileRef = E36E9DAF17A6CBF100AC2DB6 /* Foundation.framework */; };
		E36E9DB217A6CBF100AC2DB6 /* CoreGraphics.framework in Frameworks */ = {isa = PBXBuildFile; fileRef = E36E9DB117A6CBF100AC2DB6 /* CoreGraphics.framework */; };
		E36E9DB817A6CBF100AC2DB6 /* InfoPlist.strings in Resources */ = {isa = PBXBuildFile; fileRef = E36E9DB617A6CBF100AC2DB6 /* InfoPlist.strings */; };
		E36E9DBA17A6CBF100AC2DB6 /* main.m in Sources */ = {isa = PBXBuildFile; fileRef = E36E9DB917A6CBF100AC2DB6 /* main.m */; };
		E36E9DBE17A6CBF100AC2DB6 /* AppDelegate.m in Sources */ = {isa = PBXBuildFile; fileRef = E36E9DBD17A6CBF100AC2DB6 /* AppDelegate.m */; };
		E36E9DC017A6CBF100AC2DB6 /* Default.png in Resources */ = {isa = PBXBuildFile; fileRef = E36E9DBF17A6CBF100AC2DB6 /* Default.png */; };
		E36E9DC217A6CBF100AC2DB6 /* Default@2x.png in Resources */ = {isa = PBXBuildFile; fileRef = E36E9DC117A6CBF100AC2DB6 /* Default@2x.png */; };
		E36E9DC417A6CBF100AC2DB6 /* Default-568h@2x.png in Resources */ = {isa = PBXBuildFile; fileRef = E36E9DC317A6CBF100AC2DB6 /* Default-568h@2x.png */; };
		E39DFA7717B152CE008A9E66 /* WelcomeViewController.m in Sources */ = {isa = PBXBuildFile; fileRef = E39DFA7617B152CE008A9E66 /* WelcomeViewController.m */; };
		E3B9602717E465630008EC06 /* bg.png in Resources */ = {isa = PBXBuildFile; fileRef = E3B95FB117E465620008EC06 /* bg.png */; };
		E3B9602817E465630008EC06 /* bg@2x.png in Resources */ = {isa = PBXBuildFile; fileRef = E3B95FB217E465620008EC06 /* bg@2x.png */; };
		E3B9602917E465630008EC06 /* btn_add.png in Resources */ = {isa = PBXBuildFile; fileRef = E3B95FB317E465620008EC06 /* btn_add.png */; };
		E3B9602A17E465630008EC06 /* btn_add@2x.png in Resources */ = {isa = PBXBuildFile; fileRef = E3B95FB417E465620008EC06 /* btn_add@2x.png */; };
		E3B9602B17E465630008EC06 /* btn_bind.png in Resources */ = {isa = PBXBuildFile; fileRef = E3B95FB517E465620008EC06 /* btn_bind.png */; };
		E3B9602C17E465630008EC06 /* btn_bind@2x.png in Resources */ = {isa = PBXBuildFile; fileRef = E3B95FB617E465620008EC06 /* btn_bind@2x.png */; };
		E3B9602D17E465630008EC06 /* btn_change.png in Resources */ = {isa = PBXBuildFile; fileRef = E3B95FB717E465620008EC06 /* btn_change.png */; };
		E3B9602E17E465630008EC06 /* btn_change@2x.png in Resources */ = {isa = PBXBuildFile; fileRef = E3B95FB817E465620008EC06 /* btn_change@2x.png */; };
		E3B9602F17E465630008EC06 /* btn_code.png in Resources */ = {isa = PBXBuildFile; fileRef = E3B95FB917E465620008EC06 /* btn_code.png */; };
		E3B9603017E465630008EC06 /* btn_code@2x.png in Resources */ = {isa = PBXBuildFile; fileRef = E3B95FBA17E465620008EC06 /* btn_code@2x.png */; };
		E3B9603117E465630008EC06 /* btn_enroll.png in Resources */ = {isa = PBXBuildFile; fileRef = E3B95FBB17E465620008EC06 /* btn_enroll.png */; };
		E3B9603217E465630008EC06 /* btn_enroll@2x.png in Resources */ = {isa = PBXBuildFile; fileRef = E3B95FBC17E465620008EC06 /* btn_enroll@2x.png */; };
		E3B9603317E465630008EC06 /* btn_message.png in Resources */ = {isa = PBXBuildFile; fileRef = E3B95FBD17E465620008EC06 /* btn_message.png */; };
		E3B9603417E465630008EC06 /* btn_message@2x.png in Resources */ = {isa = PBXBuildFile; fileRef = E3B95FBE17E465620008EC06 /* btn_message@2x.png */; };
		E3B9603517E465630008EC06 /* btn_phone.png in Resources */ = {isa = PBXBuildFile; fileRef = E3B95FBF17E465620008EC06 /* btn_phone.png */; };
		E3B9603617E465630008EC06 /* btn_phone@2x.png in Resources */ = {isa = PBXBuildFile; fileRef = E3B95FC017E465620008EC06 /* btn_phone@2x.png */; };
		E3B9603717E465630008EC06 /* btn_red.png in Resources */ = {isa = PBXBuildFile; fileRef = E3B95FC117E465620008EC06 /* btn_red.png */; };
		E3B9603817E465630008EC06 /* btn_red@2x.png in Resources */ = {isa = PBXBuildFile; fileRef = E3B95FC217E465620008EC06 /* btn_red@2x.png */; };
		E3B9603917E465630008EC06 /* btn_select.png in Resources */ = {isa = PBXBuildFile; fileRef = E3B95FC317E465620008EC06 /* btn_select.png */; };
		E3B9603A17E465630008EC06 /* btn_select@2x.png in Resources */ = {isa = PBXBuildFile; fileRef = E3B95FC417E465620008EC06 /* btn_select@2x.png */; };
		E3B9603B17E465630008EC06 /* btn_send.png in Resources */ = {isa = PBXBuildFile; fileRef = E3B95FC517E465620008EC06 /* btn_send.png */; };
		E3B9603C17E465630008EC06 /* btn_send@2x.png in Resources */ = {isa = PBXBuildFile; fileRef = E3B95FC617E465620008EC06 /* btn_send@2x.png */; };
		E3B9603D17E465630008EC06 /* btn_sure.png in Resources */ = {isa = PBXBuildFile; fileRef = E3B95FC717E465620008EC06 /* btn_sure.png */; };
		E3B9603E17E465630008EC06 /* btn_sure@2x.png in Resources */ = {isa = PBXBuildFile; fileRef = E3B95FC817E465620008EC06 /* btn_sure@2x.png */; };
		E3B9603F17E465630008EC06 /* btn_white.png in Resources */ = {isa = PBXBuildFile; fileRef = E3B95FC917E465620008EC06 /* btn_white.png */; };
		E3B9604017E465630008EC06 /* btn_white@2x.png in Resources */ = {isa = PBXBuildFile; fileRef = E3B95FCA17E465620008EC06 /* btn_white@2x.png */; };
		E3B9604117E465630008EC06 /* chat_anothe.png in Resources */ = {isa = PBXBuildFile; fileRef = E3B95FCB17E465620008EC06 /* chat_anothe.png */; };
		E3B9604217E465630008EC06 /* chat_anothe@2x.png in Resources */ = {isa = PBXBuildFile; fileRef = E3B95FCC17E465620008EC06 /* chat_anothe@2x.png */; };
		E3B9604317E465630008EC06 /* chat_bg.png in Resources */ = {isa = PBXBuildFile; fileRef = E3B95FCD17E465620008EC06 /* chat_bg.png */; };
		E3B9604417E465630008EC06 /* chat_bg@2x.png in Resources */ = {isa = PBXBuildFile; fileRef = E3B95FCE17E465620008EC06 /* chat_bg@2x.png */; };
		E3B9604517E465630008EC06 /* chat_self.png in Resources */ = {isa = PBXBuildFile; fileRef = E3B95FCF17E465620008EC06 /* chat_self.png */; };
		E3B9604617E465630008EC06 /* chat_self@2x.png in Resources */ = {isa = PBXBuildFile; fileRef = E3B95FD017E465620008EC06 /* chat_self@2x.png */; };
		E3B9604717E465630008EC06 /* chat_user.png in Resources */ = {isa = PBXBuildFile; fileRef = E3B95FD117E465620008EC06 /* chat_user.png */; };
		E3B9604817E465630008EC06 /* chat_user@2x.png in Resources */ = {isa = PBXBuildFile; fileRef = E3B95FD217E465620008EC06 /* chat_user@2x.png */; };
		E3B9604917E465630008EC06 /* checkbox.png in Resources */ = {isa = PBXBuildFile; fileRef = E3B95FD317E465620008EC06 /* checkbox.png */; };
		E3B9604A17E465630008EC06 /* checkbox@2x.png in Resources */ = {isa = PBXBuildFile; fileRef = E3B95FD417E465620008EC06 /* checkbox@2x.png */; };
		E3B9604B17E465630008EC06 /* closed.png in Resources */ = {isa = PBXBuildFile; fileRef = E3B95FD517E465620008EC06 /* closed.png */; };
		E3B9604C17E465630008EC06 /* closed@2x.png in Resources */ = {isa = PBXBuildFile; fileRef = E3B95FD617E465620008EC06 /* closed@2x.png */; };
		E3B9604D17E465630008EC06 /* edit.png in Resources */ = {isa = PBXBuildFile; fileRef = E3B95FD717E465620008EC06 /* edit.png */; };
		E3B9604E17E465630008EC06 /* edit@2x.png in Resources */ = {isa = PBXBuildFile; fileRef = E3B95FD817E465620008EC06 /* edit@2x.png */; };
		E3B9604F17E465630008EC06 /* enroll_bg.png in Resources */ = {isa = PBXBuildFile; fileRef = E3B95FD917E465620008EC06 /* enroll_bg.png */; };
		E3B9605017E465630008EC06 /* enroll_bg@2x.png in Resources */ = {isa = PBXBuildFile; fileRef = E3B95FDA17E465620008EC06 /* enroll_bg@2x.png */; };
		E3B9605117E465630008EC06 /* enter.png in Resources */ = {isa = PBXBuildFile; fileRef = E3B95FDB17E465620008EC06 /* enter.png */; };
		E3B9605217E465630008EC06 /* enter@2x.png in Resources */ = {isa = PBXBuildFile; fileRef = E3B95FDC17E465620008EC06 /* enter@2x.png */; };
		E3B9605317E465630008EC06 /* icon_end.png in Resources */ = {isa = PBXBuildFile; fileRef = E3B95FDD17E465620008EC06 /* icon_end.png */; };
		E3B9605417E465630008EC06 /* icon_end@2x.png in Resources */ = {isa = PBXBuildFile; fileRef = E3B95FDE17E465620008EC06 /* icon_end@2x.png */; };
		E3B9605517E465630008EC06 /* icon_lend.png in Resources */ = {isa = PBXBuildFile; fileRef = E3B95FDF17E465620008EC06 /* icon_lend.png */; };
		E3B9605617E465630008EC06 /* icon_lend@2x.png in Resources */ = {isa = PBXBuildFile; fileRef = E3B95FE017E465620008EC06 /* icon_lend@2x.png */; };
		E3B9605717E465630008EC06 /* icon_lstart.png in Resources */ = {isa = PBXBuildFile; fileRef = E3B95FE117E465620008EC06 /* icon_lstart.png */; };
		E3B9605817E465630008EC06 /* icon_lstart@2x.png in Resources */ = {isa = PBXBuildFile; fileRef = E3B95FE217E465620008EC06 /* icon_lstart@2x.png */; };
		E3B9605917E465630008EC06 /* icon_start.png in Resources */ = {isa = PBXBuildFile; fileRef = E3B95FE317E465620008EC06 /* icon_start.png */; };
		E3B9605A17E465630008EC06 /* icon_start@2x.png in Resources */ = {isa = PBXBuildFile; fileRef = E3B95FE417E465620008EC06 /* icon_start@2x.png */; };
		E3B9605B17E465630008EC06 /* input_box.png in Resources */ = {isa = PBXBuildFile; fileRef = E3B95FE517E465620008EC06 /* input_box.png */; };
		E3B9605C17E465630008EC06 /* input_box@2x.png in Resources */ = {isa = PBXBuildFile; fileRef = E3B95FE617E465620008EC06 /* input_box@2x.png */; };
		E3B9605D17E465630008EC06 /* licence.png in Resources */ = {isa = PBXBuildFile; fileRef = E3B95FE717E465620008EC06 /* licence.png */; };
		E3B9605E17E465630008EC06 /* licence@2x.png in Resources */ = {isa = PBXBuildFile; fileRef = E3B95FE817E465620008EC06 /* licence@2x.png */; };
		E3B9605F17E465630008EC06 /* line.png in Resources */ = {isa = PBXBuildFile; fileRef = E3B95FE917E465620008EC06 /* line.png */; };
		E3B9606017E465630008EC06 /* line@2x.png in Resources */ = {isa = PBXBuildFile; fileRef = E3B95FEA17E465620008EC06 /* line@2x.png */; };
		E3B9606117E465630008EC06 /* local.png in Resources */ = {isa = PBXBuildFile; fileRef = E3B95FEB17E465620008EC06 /* local.png */; };
		E3B9606217E465630008EC06 /* local@2x.png in Resources */ = {isa = PBXBuildFile; fileRef = E3B95FEC17E465620008EC06 /* local@2x.png */; };
		E3B9606317E465630008EC06 /* message_tip.png in Resources */ = {isa = PBXBuildFile; fileRef = E3B95FED17E465620008EC06 /* message_tip.png */; };
		E3B9606417E465630008EC06 /* message_tip@2x.png in Resources */ = {isa = PBXBuildFile; fileRef = E3B95FEE17E465620008EC06 /* message_tip@2x.png */; };
		E3B9606517E465630008EC06 /* mine.png in Resources */ = {isa = PBXBuildFile; fileRef = E3B95FEF17E465620008EC06 /* mine.png */; };
		E3B9606617E465630008EC06 /* mine@2x.png in Resources */ = {isa = PBXBuildFile; fileRef = E3B95FF017E465620008EC06 /* mine@2x.png */; };
		E3B9606717E465630008EC06 /* model_bg.png in Resources */ = {isa = PBXBuildFile; fileRef = E3B95FF117E465620008EC06 /* model_bg.png */; };
		E3B9606817E465630008EC06 /* model_bg@2x.png in Resources */ = {isa = PBXBuildFile; fileRef = E3B95FF217E465620008EC06 /* model_bg@2x.png */; };
		E3B9606917E465630008EC06 /* owner.png in Resources */ = {isa = PBXBuildFile; fileRef = E3B95FF317E465620008EC06 /* owner.png */; };
		E3B9606A17E465630008EC06 /* owner@2x.png in Resources */ = {isa = PBXBuildFile; fileRef = E3B95FF417E465620008EC06 /* owner@2x.png */; };
		E3B9606B17E465630008EC06 /* paper_bg.png in Resources */ = {isa = PBXBuildFile; fileRef = E3B95FF517E465630008EC06 /* paper_bg.png */; };
		E3B9606C17E465630008EC06 /* paper_bg@2x.png in Resources */ = {isa = PBXBuildFile; fileRef = E3B95FF617E465630008EC06 /* paper_bg@2x.png */; };
		E3B9606D17E465630008EC06 /* phonetic.png in Resources */ = {isa = PBXBuildFile; fileRef = E3B95FF717E465630008EC06 /* phonetic.png */; };
		E3B9606E17E465630008EC06 /* phonetic@2x.png in Resources */ = {isa = PBXBuildFile; fileRef = E3B95FF817E465630008EC06 /* phonetic@2x.png */; };
		E3B9606F17E465630008EC06 /* qq.png in Resources */ = {isa = PBXBuildFile; fileRef = E3B95FF917E465630008EC06 /* qq.png */; };
		E3B9607017E465630008EC06 /* qq@2x.png in Resources */ = {isa = PBXBuildFile; fileRef = E3B95FFA17E465630008EC06 /* qq@2x.png */; };
		E3B9607117E465630008EC06 /* route_enter.png in Resources */ = {isa = PBXBuildFile; fileRef = E3B95FFB17E465630008EC06 /* route_enter.png */; };
		E3B9607217E465630008EC06 /* route_enter@2x.png in Resources */ = {isa = PBXBuildFile; fileRef = E3B95FFC17E465630008EC06 /* route_enter@2x.png */; };
		E3B9607317E465630008EC06 /* s_sina.png in Resources */ = {isa = PBXBuildFile; fileRef = E3B95FFD17E465630008EC06 /* s_sina.png */; };
		E3B9607417E465630008EC06 /* s_sina@2x.png in Resources */ = {isa = PBXBuildFile; fileRef = E3B95FFE17E465630008EC06 /* s_sina@2x.png */; };
		E3B9607517E465630008EC06 /* sdown.png in Resources */ = {isa = PBXBuildFile; fileRef = E3B95FFF17E465630008EC06 /* sdown.png */; };
		E3B9607617E465630008EC06 /* sdown@2x.png in Resources */ = {isa = PBXBuildFile; fileRef = E3B9600017E465630008EC06 /* sdown@2x.png */; };
		E3B9607717E465630008EC06 /* search.png in Resources */ = {isa = PBXBuildFile; fileRef = E3B9600117E465630008EC06 /* search.png */; };
		E3B9607817E465630008EC06 /* search@2x.png in Resources */ = {isa = PBXBuildFile; fileRef = E3B9600217E465630008EC06 /* search@2x.png */; };
		E3B9607917E465630008EC06 /* searchcar.png in Resources */ = {isa = PBXBuildFile; fileRef = E3B9600317E465630008EC06 /* searchcar.png */; };
		E3B9607A17E465630008EC06 /* searchcar@2x.png in Resources */ = {isa = PBXBuildFile; fileRef = E3B9600417E465630008EC06 /* searchcar@2x.png */; };
		E3B9607B17E465630008EC06 /* sina.png in Resources */ = {isa = PBXBuildFile; fileRef = E3B9600517E465630008EC06 /* sina.png */; };
		E3B9607C17E465630008EC06 /* sina@2x.png in Resources */ = {isa = PBXBuildFile; fileRef = E3B9600617E465630008EC06 /* sina@2x.png */; };
		E3B9607D17E465630008EC06 /* tab_home_select.png in Resources */ = {isa = PBXBuildFile; fileRef = E3B9600717E465630008EC06 /* tab_home_select.png */; };
		E3B9607E17E465630008EC06 /* tab_home_select@2x.png in Resources */ = {isa = PBXBuildFile; fileRef = E3B9600817E465630008EC06 /* tab_home_select@2x.png */; };
		E3B9607F17E465630008EC06 /* tab_home.png in Resources */ = {isa = PBXBuildFile; fileRef = E3B9600917E465630008EC06 /* tab_home.png */; };
		E3B9608017E465630008EC06 /* tab_home@2x.png in Resources */ = {isa = PBXBuildFile; fileRef = E3B9600A17E465630008EC06 /* tab_home@2x.png */; };
		E3B9608117E465630008EC06 /* tab_me_select.png in Resources */ = {isa = PBXBuildFile; fileRef = E3B9600B17E465630008EC06 /* tab_me_select.png */; };
		E3B9608217E465630008EC06 /* tab_me_select@2x.png in Resources */ = {isa = PBXBuildFile; fileRef = E3B9600C17E465630008EC06 /* tab_me_select@2x.png */; };
		E3B9608317E465630008EC06 /* tab_me.png in Resources */ = {isa = PBXBuildFile; fileRef = E3B9600D17E465630008EC06 /* tab_me.png */; };
		E3B9608417E465630008EC06 /* tab_me@2x.png in Resources */ = {isa = PBXBuildFile; fileRef = E3B9600E17E465630008EC06 /* tab_me@2x.png */; };
		E3B9608517E465630008EC06 /* tab_message_select.png in Resources */ = {isa = PBXBuildFile; fileRef = E3B9600F17E465630008EC06 /* tab_message_select.png */; };
		E3B9608617E465630008EC06 /* tab_message_select@2x.png in Resources */ = {isa = PBXBuildFile; fileRef = E3B9601017E465630008EC06 /* tab_message_select@2x.png */; };
		E3B9608717E465630008EC06 /* tab_message.png in Resources */ = {isa = PBXBuildFile; fileRef = E3B9601117E465630008EC06 /* tab_message.png */; };
		E3B9608817E465630008EC06 /* tab_message@2x.png in Resources */ = {isa = PBXBuildFile; fileRef = E3B9601217E465630008EC06 /* tab_message@2x.png */; };
		E3B9608917E465630008EC06 /* tab_square_select.png in Resources */ = {isa = PBXBuildFile; fileRef = E3B9601317E465630008EC06 /* tab_square_select.png */; };
		E3B9608A17E465630008EC06 /* tab_square_select@2x.png in Resources */ = {isa = PBXBuildFile; fileRef = E3B9601417E465630008EC06 /* tab_square_select@2x.png */; };
		E3B9608B17E465630008EC06 /* tab_square.png in Resources */ = {isa = PBXBuildFile; fileRef = E3B9601517E465630008EC06 /* tab_square.png */; };
		E3B9608C17E465630008EC06 /* tab_square@2x.png in Resources */ = {isa = PBXBuildFile; fileRef = E3B9601617E465630008EC06 /* tab_square@2x.png */; };
		E3B9608D17E465630008EC06 /* time.png in Resources */ = {isa = PBXBuildFile; fileRef = E3B9601717E465630008EC06 /* time.png */; };
		E3B9608E17E465630008EC06 /* time@2x.png in Resources */ = {isa = PBXBuildFile; fileRef = E3B9601817E465630008EC06 /* time@2x.png */; };
		E3B9608F17E465630008EC06 /* tip.png in Resources */ = {isa = PBXBuildFile; fileRef = E3B9601917E465630008EC06 /* tip.png */; };
		E3B9609017E465630008EC06 /* tip@2x.png in Resources */ = {isa = PBXBuildFile; fileRef = E3B9601A17E465630008EC06 /* tip@2x.png */; };
		E3B9609117E465630008EC06 /* top_bg.png in Resources */ = {isa = PBXBuildFile; fileRef = E3B9601B17E465630008EC06 /* top_bg.png */; };
		E3B9609217E465630008EC06 /* top_bg@2x.png in Resources */ = {isa = PBXBuildFile; fileRef = E3B9601C17E465630008EC06 /* top_bg@2x.png */; };
		E3B9609317E465630008EC06 /* upload_02phto.png in Resources */ = {isa = PBXBuildFile; fileRef = E3B9601D17E465630008EC06 /* upload_02phto.png */; };
		E3B9609417E465630008EC06 /* upload_02phto@2x.png in Resources */ = {isa = PBXBuildFile; fileRef = E3B9601E17E465630008EC06 /* upload_02phto@2x.png */; };
		E3B9609517E465630008EC06 /* upload_phto.png in Resources */ = {isa = PBXBuildFile; fileRef = E3B9601F17E465630008EC06 /* upload_phto.png */; };
		E3B9609617E465630008EC06 /* upload_phto@2x.png in Resources */ = {isa = PBXBuildFile; fileRef = E3B9602017E465630008EC06 /* upload_phto@2x.png */; };
		E3B9609717E465630008EC06 /* upload.png in Resources */ = {isa = PBXBuildFile; fileRef = E3B9602117E465630008EC06 /* upload.png */; };
		E3B9609817E465630008EC06 /* upload@2x.png in Resources */ = {isa = PBXBuildFile; fileRef = E3B9602217E465630008EC06 /* upload@2x.png */; };
		E3B9609917E465630008EC06 /* upload02.png in Resources */ = {isa = PBXBuildFile; fileRef = E3B9602317E465630008EC06 /* upload02.png */; };
		E3B9609A17E465630008EC06 /* upload02@2x.png in Resources */ = {isa = PBXBuildFile; fileRef = E3B9602417E465630008EC06 /* upload02@2x.png */; };
		E3B9609B17E465630008EC06 /* user.png in Resources */ = {isa = PBXBuildFile; fileRef = E3B9602517E465630008EC06 /* user.png */; };
		E3B9609C17E465630008EC06 /* user@2x.png in Resources */ = {isa = PBXBuildFile; fileRef = E3B9602617E465630008EC06 /* user@2x.png */; };
		E3B9609F17E472A60008EC06 /* PlacePathCell.m in Sources */ = {isa = PBXBuildFile; fileRef = E3B9609E17E472A60008EC06 /* PlacePathCell.m */; };
		E3B960A217E4872E0008EC06 /* PathListCell.m in Sources */ = {isa = PBXBuildFile; fileRef = E3B960A117E4872D0008EC06 /* PathListCell.m */; };
		E3B960B217E488B20008EC06 /* EGOCache.m in Sources */ = {isa = PBXBuildFile; fileRef = E3B960A617E488B20008EC06 /* EGOCache.m */; };
		E3B960B317E488B20008EC06 /* EGOImageButton.m in Sources */ = {isa = PBXBuildFile; fileRef = E3B960A917E488B20008EC06 /* EGOImageButton.m */; };
		E3B960B417E488B20008EC06 /* EGOImageLoadConnection.m in Sources */ = {isa = PBXBuildFile; fileRef = E3B960AC17E488B20008EC06 /* EGOImageLoadConnection.m */; };
		E3B960B517E488B20008EC06 /* EGOImageLoader.m in Sources */ = {isa = PBXBuildFile; fileRef = E3B960AE17E488B20008EC06 /* EGOImageLoader.m */; };
		E3B960B617E488B20008EC06 /* EGOImageView.m in Sources */ = {isa = PBXBuildFile; fileRef = E3B960B117E488B20008EC06 /* EGOImageView.m */; };
		E3B960BA17E4B4A80008EC06 /* RegUserViewController.m in Sources */ = {isa = PBXBuildFile; fileRef = E3B960B917E4B4A80008EC06 /* RegUserViewController.m */; };
		E3B960BD17E4B4BE0008EC06 /* LoginViewController.m in Sources */ = {isa = PBXBuildFile; fileRef = E3B960BC17E4B4BE0008EC06 /* LoginViewController.m */; };
/* End PBXBuildFile section */

/* Begin PBXFileReference section */
		E36669C617A6D4C900A3E39C /* HomeViewController.h */ = {isa = PBXFileReference; fileEncoding = 4; lastKnownFileType = sourcecode.c.h; path = HomeViewController.h; sourceTree = "<group>"; };
		E36669C717A6D4C900A3E39C /* HomeViewController.m */ = {isa = PBXFileReference; fileEncoding = 4; lastKnownFileType = sourcecode.c.objc; path = HomeViewController.m; sourceTree = "<group>"; };
		E36669C917A6D50E00A3E39C /* NearbyViewController.h */ = {isa = PBXFileReference; fileEncoding = 4; lastKnownFileType = sourcecode.c.h; path = NearbyViewController.h; sourceTree = "<group>"; };
		E36669CA17A6D50E00A3E39C /* NearbyViewController.m */ = {isa = PBXFileReference; fileEncoding = 4; lastKnownFileType = sourcecode.c.objc; path = NearbyViewController.m; sourceTree = "<group>"; };
		E36669CC17A6D54800A3E39C /* MessageViewController.h */ = {isa = PBXFileReference; fileEncoding = 4; lastKnownFileType = sourcecode.c.h; path = MessageViewController.h; sourceTree = "<group>"; };
		E36669CD17A6D54800A3E39C /* MessageViewController.m */ = {isa = PBXFileReference; fileEncoding = 4; lastKnownFileType = sourcecode.c.objc; path = MessageViewController.m; sourceTree = "<group>"; };
		E36669CF17A6D55C00A3E39C /* MineViewController.h */ = {isa = PBXFileReference; fileEncoding = 4; lastKnownFileType = sourcecode.c.h; path = MineViewController.h; sourceTree = "<group>"; };
		E36669D017A6D55C00A3E39C /* MineViewController.m */ = {isa = PBXFileReference; fileEncoding = 4; lastKnownFileType = sourcecode.c.objc; path = MineViewController.m; sourceTree = "<group>"; };
		E36669D217A6D7CA00A3E39C /* common.h */ = {isa = PBXFileReference; fileEncoding = 4; lastKnownFileType = sourcecode.c.h; path = common.h; sourceTree = "<group>"; };
		E36669D317A6D91200A3E39C /* viewGlobal.h */ = {isa = PBXFileReference; lastKnownFileType = sourcecode.c.h; path = viewGlobal.h; sourceTree = "<group>"; };
		E36669D517A6DC6A00A3E39C /* BaseViewController.h */ = {isa = PBXFileReference; fileEncoding = 4; lastKnownFileType = sourcecode.c.h; path = BaseViewController.h; sourceTree = "<group>"; };
		E36669D617A6DC6A00A3E39C /* BaseViewController.m */ = {isa = PBXFileReference; fileEncoding = 4; lastKnownFileType = sourcecode.c.objc; path = BaseViewController.m; sourceTree = "<group>"; };
		E36669D917A6E14600A3E39C /* BaseNavigationBar.h */ = {isa = PBXFileReference; lastKnownFileType = sourcecode.c.h; path = BaseNavigationBar.h; sourceTree = "<group>"; };
		E36E9DAA17A6CBF100AC2DB6 /* pincheke.app */ = {isa = PBXFileReference; explicitFileType = wrapper.application; includeInIndex = 0; path = pincheke.app; sourceTree = BUILT_PRODUCTS_DIR; };
		E36E9DAD17A6CBF100AC2DB6 /* UIKit.framework */ = {isa = PBXFileReference; lastKnownFileType = wrapper.framework; name = UIKit.framework; path = System/Library/Frameworks/UIKit.framework; sourceTree = SDKROOT; };
		E36E9DAF17A6CBF100AC2DB6 /* Foundation.framework */ = {isa = PBXFileReference; lastKnownFileType = wrapper.framework; name = Foundation.framework; path = System/Library/Frameworks/Foundation.framework; sourceTree = SDKROOT; };
		E36E9DB117A6CBF100AC2DB6 /* CoreGraphics.framework */ = {isa = PBXFileReference; lastKnownFileType = wrapper.framework; name = CoreGraphics.framework; path = System/Library/Frameworks/CoreGraphics.framework; sourceTree = SDKROOT; };
		E36E9DB517A6CBF100AC2DB6 /* pincheke-Info.plist */ = {isa = PBXFileReference; lastKnownFileType = text.plist.xml; path = "pincheke-Info.plist"; sourceTree = "<group>"; };
		E36E9DB917A6CBF100AC2DB6 /* main.m */ = {isa = PBXFileReference; lastKnownFileType = sourcecode.c.objc; path = main.m; sourceTree = "<group>"; };
		E36E9DBB17A6CBF100AC2DB6 /* pincheke-Prefix.pch */ = {isa = PBXFileReference; lastKnownFileType = sourcecode.c.h; path = "pincheke-Prefix.pch"; sourceTree = "<group>"; };
		E36E9DBC17A6CBF100AC2DB6 /* AppDelegate.h */ = {isa = PBXFileReference; lastKnownFileType = sourcecode.c.h; path = AppDelegate.h; sourceTree = "<group>"; };
		E36E9DBD17A6CBF100AC2DB6 /* AppDelegate.m */ = {isa = PBXFileReference; lastKnownFileType = sourcecode.c.objc; path = AppDelegate.m; sourceTree = "<group>"; };
		E36E9DBF17A6CBF100AC2DB6 /* Default.png */ = {isa = PBXFileReference; lastKnownFileType = image.png; path = Default.png; sourceTree = "<group>"; };
		E36E9DC117A6CBF100AC2DB6 /* Default@2x.png */ = {isa = PBXFileReference; lastKnownFileType = image.png; path = "Default@2x.png"; sourceTree = "<group>"; };
		E36E9DC317A6CBF100AC2DB6 /* Default-568h@2x.png */ = {isa = PBXFileReference; lastKnownFileType = image.png; path = "Default-568h@2x.png"; sourceTree = "<group>"; };
		E36E9DE117A6D08400AC2DB6 /* zh-Hans */ = {isa = PBXFileReference; lastKnownFileType = text.plist.strings; name = "zh-Hans"; path = "zh-Hans.lproj/InfoPlist.strings"; sourceTree = "<group>"; };
		E39DFA7517B152CE008A9E66 /* WelcomeViewController.h */ = {isa = PBXFileReference; fileEncoding = 4; lastKnownFileType = sourcecode.c.h; path = WelcomeViewController.h; sourceTree = "<group>"; };
		E39DFA7617B152CE008A9E66 /* WelcomeViewController.m */ = {isa = PBXFileReference; fileEncoding = 4; lastKnownFileType = sourcecode.c.objc; path = WelcomeViewController.m; sourceTree = "<group>"; };
		E3B95FB117E465620008EC06 /* bg.png */ = {isa = PBXFileReference; lastKnownFileType = image.png; path = bg.png; sourceTree = "<group>"; };
		E3B95FB217E465620008EC06 /* bg@2x.png */ = {isa = PBXFileReference; lastKnownFileType = image.png; path = "bg@2x.png"; sourceTree = "<group>"; };
		E3B95FB317E465620008EC06 /* btn_add.png */ = {isa = PBXFileReference; lastKnownFileType = image.png; path = btn_add.png; sourceTree = "<group>"; };
		E3B95FB417E465620008EC06 /* btn_add@2x.png */ = {isa = PBXFileReference; lastKnownFileType = image.png; path = "btn_add@2x.png"; sourceTree = "<group>"; };
		E3B95FB517E465620008EC06 /* btn_bind.png */ = {isa = PBXFileReference; lastKnownFileType = image.png; path = btn_bind.png; sourceTree = "<group>"; };
		E3B95FB617E465620008EC06 /* btn_bind@2x.png */ = {isa = PBXFileReference; lastKnownFileType = image.png; path = "btn_bind@2x.png"; sourceTree = "<group>"; };
		E3B95FB717E465620008EC06 /* btn_change.png */ = {isa = PBXFileReference; lastKnownFileType = image.png; path = btn_change.png; sourceTree = "<group>"; };
		E3B95FB817E465620008EC06 /* btn_change@2x.png */ = {isa = PBXFileReference; lastKnownFileType = image.png; path = "btn_change@2x.png"; sourceTree = "<group>"; };
		E3B95FB917E465620008EC06 /* btn_code.png */ = {isa = PBXFileReference; lastKnownFileType = image.png; path = btn_code.png; sourceTree = "<group>"; };
		E3B95FBA17E465620008EC06 /* btn_code@2x.png */ = {isa = PBXFileReference; lastKnownFileType = image.png; path = "btn_code@2x.png"; sourceTree = "<group>"; };
		E3B95FBB17E465620008EC06 /* btn_enroll.png */ = {isa = PBXFileReference; lastKnownFileType = image.png; path = btn_enroll.png; sourceTree = "<group>"; };
		E3B95FBC17E465620008EC06 /* btn_enroll@2x.png */ = {isa = PBXFileReference; lastKnownFileType = image.png; path = "btn_enroll@2x.png"; sourceTree = "<group>"; };
		E3B95FBD17E465620008EC06 /* btn_message.png */ = {isa = PBXFileReference; lastKnownFileType = image.png; path = btn_message.png; sourceTree = "<group>"; };
		E3B95FBE17E465620008EC06 /* btn_message@2x.png */ = {isa = PBXFileReference; lastKnownFileType = image.png; path = "btn_message@2x.png"; sourceTree = "<group>"; };
		E3B95FBF17E465620008EC06 /* btn_phone.png */ = {isa = PBXFileReference; lastKnownFileType = image.png; path = btn_phone.png; sourceTree = "<group>"; };
		E3B95FC017E465620008EC06 /* btn_phone@2x.png */ = {isa = PBXFileReference; lastKnownFileType = image.png; path = "btn_phone@2x.png"; sourceTree = "<group>"; };
		E3B95FC117E465620008EC06 /* btn_red.png */ = {isa = PBXFileReference; lastKnownFileType = image.png; path = btn_red.png; sourceTree = "<group>"; };
		E3B95FC217E465620008EC06 /* btn_red@2x.png */ = {isa = PBXFileReference; lastKnownFileType = image.png; path = "btn_red@2x.png"; sourceTree = "<group>"; };
		E3B95FC317E465620008EC06 /* btn_select.png */ = {isa = PBXFileReference; lastKnownFileType = image.png; path = btn_select.png; sourceTree = "<group>"; };
		E3B95FC417E465620008EC06 /* btn_select@2x.png */ = {isa = PBXFileReference; lastKnownFileType = image.png; path = "btn_select@2x.png"; sourceTree = "<group>"; };
		E3B95FC517E465620008EC06 /* btn_send.png */ = {isa = PBXFileReference; lastKnownFileType = image.png; path = btn_send.png; sourceTree = "<group>"; };
		E3B95FC617E465620008EC06 /* btn_send@2x.png */ = {isa = PBXFileReference; lastKnownFileType = image.png; path = "btn_send@2x.png"; sourceTree = "<group>"; };
		E3B95FC717E465620008EC06 /* btn_sure.png */ = {isa = PBXFileReference; lastKnownFileType = image.png; path = btn_sure.png; sourceTree = "<group>"; };
		E3B95FC817E465620008EC06 /* btn_sure@2x.png */ = {isa = PBXFileReference; lastKnownFileType = image.png; path = "btn_sure@2x.png"; sourceTree = "<group>"; };
		E3B95FC917E465620008EC06 /* btn_white.png */ = {isa = PBXFileReference; lastKnownFileType = image.png; path = btn_white.png; sourceTree = "<group>"; };
		E3B95FCA17E465620008EC06 /* btn_white@2x.png */ = {isa = PBXFileReference; lastKnownFileType = image.png; path = "btn_white@2x.png"; sourceTree = "<group>"; };
		E3B95FCB17E465620008EC06 /* chat_anothe.png */ = {isa = PBXFileReference; lastKnownFileType = image.png; path = chat_anothe.png; sourceTree = "<group>"; };
		E3B95FCC17E465620008EC06 /* chat_anothe@2x.png */ = {isa = PBXFileReference; lastKnownFileType = image.png; path = "chat_anothe@2x.png"; sourceTree = "<group>"; };
		E3B95FCD17E465620008EC06 /* chat_bg.png */ = {isa = PBXFileReference; lastKnownFileType = image.png; path = chat_bg.png; sourceTree = "<group>"; };
		E3B95FCE17E465620008EC06 /* chat_bg@2x.png */ = {isa = PBXFileReference; lastKnownFileType = image.png; path = "chat_bg@2x.png"; sourceTree = "<group>"; };
		E3B95FCF17E465620008EC06 /* chat_self.png */ = {isa = PBXFileReference; lastKnownFileType = image.png; path = chat_self.png; sourceTree = "<group>"; };
		E3B95FD017E465620008EC06 /* chat_self@2x.png */ = {isa = PBXFileReference; lastKnownFileType = image.png; path = "chat_self@2x.png"; sourceTree = "<group>"; };
		E3B95FD117E465620008EC06 /* chat_user.png */ = {isa = PBXFileReference; lastKnownFileType = image.png; path = chat_user.png; sourceTree = "<group>"; };
		E3B95FD217E465620008EC06 /* chat_user@2x.png */ = {isa = PBXFileReference; lastKnownFileType = image.png; path = "chat_user@2x.png"; sourceTree = "<group>"; };
		E3B95FD317E465620008EC06 /* checkbox.png */ = {isa = PBXFileReference; lastKnownFileType = image.png; path = checkbox.png; sourceTree = "<group>"; };
		E3B95FD417E465620008EC06 /* checkbox@2x.png */ = {isa = PBXFileReference; lastKnownFileType = image.png; path = "checkbox@2x.png"; sourceTree = "<group>"; };
		E3B95FD517E465620008EC06 /* closed.png */ = {isa = PBXFileReference; lastKnownFileType = image.png; path = closed.png; sourceTree = "<group>"; };
		E3B95FD617E465620008EC06 /* closed@2x.png */ = {isa = PBXFileReference; lastKnownFileType = image.png; path = "closed@2x.png"; sourceTree = "<group>"; };
		E3B95FD717E465620008EC06 /* edit.png */ = {isa = PBXFileReference; lastKnownFileType = image.png; path = edit.png; sourceTree = "<group>"; };
		E3B95FD817E465620008EC06 /* edit@2x.png */ = {isa = PBXFileReference; lastKnownFileType = image.png; path = "edit@2x.png"; sourceTree = "<group>"; };
		E3B95FD917E465620008EC06 /* enroll_bg.png */ = {isa = PBXFileReference; lastKnownFileType = image.png; path = enroll_bg.png; sourceTree = "<group>"; };
		E3B95FDA17E465620008EC06 /* enroll_bg@2x.png */ = {isa = PBXFileReference; lastKnownFileType = image.png; path = "enroll_bg@2x.png"; sourceTree = "<group>"; };
		E3B95FDB17E465620008EC06 /* enter.png */ = {isa = PBXFileReference; lastKnownFileType = image.png; path = enter.png; sourceTree = "<group>"; };
		E3B95FDC17E465620008EC06 /* enter@2x.png */ = {isa = PBXFileReference; lastKnownFileType = image.png; path = "enter@2x.png"; sourceTree = "<group>"; };
		E3B95FDD17E465620008EC06 /* icon_end.png */ = {isa = PBXFileReference; lastKnownFileType = image.png; path = icon_end.png; sourceTree = "<group>"; };
		E3B95FDE17E465620008EC06 /* icon_end@2x.png */ = {isa = PBXFileReference; lastKnownFileType = image.png; path = "icon_end@2x.png"; sourceTree = "<group>"; };
		E3B95FDF17E465620008EC06 /* icon_lend.png */ = {isa = PBXFileReference; lastKnownFileType = image.png; path = icon_lend.png; sourceTree = "<group>"; };
		E3B95FE017E465620008EC06 /* icon_lend@2x.png */ = {isa = PBXFileReference; lastKnownFileType = image.png; path = "icon_lend@2x.png"; sourceTree = "<group>"; };
		E3B95FE117E465620008EC06 /* icon_lstart.png */ = {isa = PBXFileReference; lastKnownFileType = image.png; path = icon_lstart.png; sourceTree = "<group>"; };
		E3B95FE217E465620008EC06 /* icon_lstart@2x.png */ = {isa = PBXFileReference; lastKnownFileType = image.png; path = "icon_lstart@2x.png"; sourceTree = "<group>"; };
		E3B95FE317E465620008EC06 /* icon_start.png */ = {isa = PBXFileReference; lastKnownFileType = image.png; path = icon_start.png; sourceTree = "<group>"; };
		E3B95FE417E465620008EC06 /* icon_start@2x.png */ = {isa = PBXFileReference; lastKnownFileType = image.png; path = "icon_start@2x.png"; sourceTree = "<group>"; };
		E3B95FE517E465620008EC06 /* input_box.png */ = {isa = PBXFileReference; lastKnownFileType = image.png; path = input_box.png; sourceTree = "<group>"; };
		E3B95FE617E465620008EC06 /* input_box@2x.png */ = {isa = PBXFileReference; lastKnownFileType = image.png; path = "input_box@2x.png"; sourceTree = "<group>"; };
		E3B95FE717E465620008EC06 /* licence.png */ = {isa = PBXFileReference; lastKnownFileType = image.png; path = licence.png; sourceTree = "<group>"; };
		E3B95FE817E465620008EC06 /* licence@2x.png */ = {isa = PBXFileReference; lastKnownFileType = image.png; path = "licence@2x.png"; sourceTree = "<group>"; };
		E3B95FE917E465620008EC06 /* line.png */ = {isa = PBXFileReference; lastKnownFileType = image.png; path = line.png; sourceTree = "<group>"; };
		E3B95FEA17E465620008EC06 /* line@2x.png */ = {isa = PBXFileReference; lastKnownFileType = image.png; path = "line@2x.png"; sourceTree = "<group>"; };
		E3B95FEB17E465620008EC06 /* local.png */ = {isa = PBXFileReference; lastKnownFileType = image.png; path = local.png; sourceTree = "<group>"; };
		E3B95FEC17E465620008EC06 /* local@2x.png */ = {isa = PBXFileReference; lastKnownFileType = image.png; path = "local@2x.png"; sourceTree = "<group>"; };
		E3B95FED17E465620008EC06 /* message_tip.png */ = {isa = PBXFileReference; lastKnownFileType = image.png; path = message_tip.png; sourceTree = "<group>"; };
		E3B95FEE17E465620008EC06 /* message_tip@2x.png */ = {isa = PBXFileReference; lastKnownFileType = image.png; path = "message_tip@2x.png"; sourceTree = "<group>"; };
		E3B95FEF17E465620008EC06 /* mine.png */ = {isa = PBXFileReference; lastKnownFileType = image.png; path = mine.png; sourceTree = "<group>"; };
		E3B95FF017E465620008EC06 /* mine@2x.png */ = {isa = PBXFileReference; lastKnownFileType = image.png; path = "mine@2x.png"; sourceTree = "<group>"; };
		E3B95FF117E465620008EC06 /* model_bg.png */ = {isa = PBXFileReference; lastKnownFileType = image.png; path = model_bg.png; sourceTree = "<group>"; };
		E3B95FF217E465620008EC06 /* model_bg@2x.png */ = {isa = PBXFileReference; lastKnownFileType = image.png; path = "model_bg@2x.png"; sourceTree = "<group>"; };
		E3B95FF317E465620008EC06 /* owner.png */ = {isa = PBXFileReference; lastKnownFileType = image.png; path = owner.png; sourceTree = "<group>"; };
		E3B95FF417E465620008EC06 /* owner@2x.png */ = {isa = PBXFileReference; lastKnownFileType = image.png; path = "owner@2x.png"; sourceTree = "<group>"; };
		E3B95FF517E465630008EC06 /* paper_bg.png */ = {isa = PBXFileReference; lastKnownFileType = image.png; path = paper_bg.png; sourceTree = "<group>"; };
		E3B95FF617E465630008EC06 /* paper_bg@2x.png */ = {isa = PBXFileReference; lastKnownFileType = image.png; path = "paper_bg@2x.png"; sourceTree = "<group>"; };
		E3B95FF717E465630008EC06 /* phonetic.png */ = {isa = PBXFileReference; lastKnownFileType = image.png; path = phonetic.png; sourceTree = "<group>"; };
		E3B95FF817E465630008EC06 /* phonetic@2x.png */ = {isa = PBXFileReference; lastKnownFileType = image.png; path = "phonetic@2x.png"; sourceTree = "<group>"; };
		E3B95FF917E465630008EC06 /* qq.png */ = {isa = PBXFileReference; lastKnownFileType = image.png; path = qq.png; sourceTree = "<group>"; };
		E3B95FFA17E465630008EC06 /* qq@2x.png */ = {isa = PBXFileReference; lastKnownFileType = image.png; path = "qq@2x.png"; sourceTree = "<group>"; };
		E3B95FFB17E465630008EC06 /* route_enter.png */ = {isa = PBXFileReference; lastKnownFileType = image.png; path = route_enter.png; sourceTree = "<group>"; };
		E3B95FFC17E465630008EC06 /* route_enter@2x.png */ = {isa = PBXFileReference; lastKnownFileType = image.png; path = "route_enter@2x.png"; sourceTree = "<group>"; };
		E3B95FFD17E465630008EC06 /* s_sina.png */ = {isa = PBXFileReference; lastKnownFileType = image.png; path = s_sina.png; sourceTree = "<group>"; };
		E3B95FFE17E465630008EC06 /* s_sina@2x.png */ = {isa = PBXFileReference; lastKnownFileType = image.png; path = "s_sina@2x.png"; sourceTree = "<group>"; };
		E3B95FFF17E465630008EC06 /* sdown.png */ = {isa = PBXFileReference; lastKnownFileType = image.png; path = sdown.png; sourceTree = "<group>"; };
		E3B9600017E465630008EC06 /* sdown@2x.png */ = {isa = PBXFileReference; lastKnownFileType = image.png; path = "sdown@2x.png"; sourceTree = "<group>"; };
		E3B9600117E465630008EC06 /* search.png */ = {isa = PBXFileReference; lastKnownFileType = image.png; path = search.png; sourceTree = "<group>"; };
		E3B9600217E465630008EC06 /* search@2x.png */ = {isa = PBXFileReference; lastKnownFileType = image.png; path = "search@2x.png"; sourceTree = "<group>"; };
		E3B9600317E465630008EC06 /* searchcar.png */ = {isa = PBXFileReference; lastKnownFileType = image.png; path = searchcar.png; sourceTree = "<group>"; };
		E3B9600417E465630008EC06 /* searchcar@2x.png */ = {isa = PBXFileReference; lastKnownFileType = image.png; path = "searchcar@2x.png"; sourceTree = "<group>"; };
		E3B9600517E465630008EC06 /* sina.png */ = {isa = PBXFileReference; lastKnownFileType = image.png; path = sina.png; sourceTree = "<group>"; };
		E3B9600617E465630008EC06 /* sina@2x.png */ = {isa = PBXFileReference; lastKnownFileType = image.png; path = "sina@2x.png"; sourceTree = "<group>"; };
		E3B9600717E465630008EC06 /* tab_home_select.png */ = {isa = PBXFileReference; lastKnownFileType = image.png; path = tab_home_select.png; sourceTree = "<group>"; };
		E3B9600817E465630008EC06 /* tab_home_select@2x.png */ = {isa = PBXFileReference; lastKnownFileType = image.png; path = "tab_home_select@2x.png"; sourceTree = "<group>"; };
		E3B9600917E465630008EC06 /* tab_home.png */ = {isa = PBXFileReference; lastKnownFileType = image.png; path = tab_home.png; sourceTree = "<group>"; };
		E3B9600A17E465630008EC06 /* tab_home@2x.png */ = {isa = PBXFileReference; lastKnownFileType = image.png; path = "tab_home@2x.png"; sourceTree = "<group>"; };
		E3B9600B17E465630008EC06 /* tab_me_select.png */ = {isa = PBXFileReference; lastKnownFileType = image.png; path = tab_me_select.png; sourceTree = "<group>"; };
		E3B9600C17E465630008EC06 /* tab_me_select@2x.png */ = {isa = PBXFileReference; lastKnownFileType = image.png; path = "tab_me_select@2x.png"; sourceTree = "<group>"; };
		E3B9600D17E465630008EC06 /* tab_me.png */ = {isa = PBXFileReference; lastKnownFileType = image.png; path = tab_me.png; sourceTree = "<group>"; };
		E3B9600E17E465630008EC06 /* tab_me@2x.png */ = {isa = PBXFileReference; lastKnownFileType = image.png; path = "tab_me@2x.png"; sourceTree = "<group>"; };
		E3B9600F17E465630008EC06 /* tab_message_select.png */ = {isa = PBXFileReference; lastKnownFileType = image.png; path = tab_message_select.png; sourceTree = "<group>"; };
		E3B9601017E465630008EC06 /* tab_message_select@2x.png */ = {isa = PBXFileReference; lastKnownFileType = image.png; path = "tab_message_select@2x.png"; sourceTree = "<group>"; };
		E3B9601117E465630008EC06 /* tab_message.png */ = {isa = PBXFileReference; lastKnownFileType = image.png; path = tab_message.png; sourceTree = "<group>"; };
		E3B9601217E465630008EC06 /* tab_message@2x.png */ = {isa = PBXFileReference; lastKnownFileType = image.png; path = "tab_message@2x.png"; sourceTree = "<group>"; };
		E3B9601317E465630008EC06 /* tab_square_select.png */ = {isa = PBXFileReference; lastKnownFileType = image.png; path = tab_square_select.png; sourceTree = "<group>"; };
		E3B9601417E465630008EC06 /* tab_square_select@2x.png */ = {isa = PBXFileReference; lastKnownFileType = image.png; path = "tab_square_select@2x.png"; sourceTree = "<group>"; };
		E3B9601517E465630008EC06 /* tab_square.png */ = {isa = PBXFileReference; lastKnownFileType = image.png; path = tab_square.png; sourceTree = "<group>"; };
		E3B9601617E465630008EC06 /* tab_square@2x.png */ = {isa = PBXFileReference; lastKnownFileType = image.png; path = "tab_square@2x.png"; sourceTree = "<group>"; };
		E3B9601717E465630008EC06 /* time.png */ = {isa = PBXFileReference; lastKnownFileType = image.png; path = time.png; sourceTree = "<group>"; };
		E3B9601817E465630008EC06 /* time@2x.png */ = {isa = PBXFileReference; lastKnownFileType = image.png; path = "time@2x.png"; sourceTree = "<group>"; };
		E3B9601917E465630008EC06 /* tip.png */ = {isa = PBXFileReference; lastKnownFileType = image.png; path = tip.png; sourceTree = "<group>"; };
		E3B9601A17E465630008EC06 /* tip@2x.png */ = {isa = PBXFileReference; lastKnownFileType = image.png; path = "tip@2x.png"; sourceTree = "<group>"; };
		E3B9601B17E465630008EC06 /* top_bg.png */ = {isa = PBXFileReference; lastKnownFileType = image.png; path = top_bg.png; sourceTree = "<group>"; };
		E3B9601C17E465630008EC06 /* top_bg@2x.png */ = {isa = PBXFileReference; lastKnownFileType = image.png; path = "top_bg@2x.png"; sourceTree = "<group>"; };
		E3B9601D17E465630008EC06 /* upload_02phto.png */ = {isa = PBXFileReference; lastKnownFileType = image.png; path = upload_02phto.png; sourceTree = "<group>"; };
		E3B9601E17E465630008EC06 /* upload_02phto@2x.png */ = {isa = PBXFileReference; lastKnownFileType = image.png; path = "upload_02phto@2x.png"; sourceTree = "<group>"; };
		E3B9601F17E465630008EC06 /* upload_phto.png */ = {isa = PBXFileReference; lastKnownFileType = image.png; path = upload_phto.png; sourceTree = "<group>"; };
		E3B9602017E465630008EC06 /* upload_phto@2x.png */ = {isa = PBXFileReference; lastKnownFileType = image.png; path = "upload_phto@2x.png"; sourceTree = "<group>"; };
		E3B9602117E465630008EC06 /* upload.png */ = {isa = PBXFileReference; lastKnownFileType = image.png; path = upload.png; sourceTree = "<group>"; };
		E3B9602217E465630008EC06 /* upload@2x.png */ = {isa = PBXFileReference; lastKnownFileType = image.png; path = "upload@2x.png"; sourceTree = "<group>"; };
		E3B9602317E465630008EC06 /* upload02.png */ = {isa = PBXFileReference; lastKnownFileType = image.png; path = upload02.png; sourceTree = "<group>"; };
		E3B9602417E465630008EC06 /* upload02@2x.png */ = {isa = PBXFileReference; lastKnownFileType = image.png; path = "upload02@2x.png"; sourceTree = "<group>"; };
		E3B9602517E465630008EC06 /* user.png */ = {isa = PBXFileReference; lastKnownFileType = image.png; path = user.png; sourceTree = "<group>"; };
		E3B9602617E465630008EC06 /* user@2x.png */ = {isa = PBXFileReference; lastKnownFileType = image.png; path = "user@2x.png"; sourceTree = "<group>"; };
		E3B9609D17E472A60008EC06 /* PlacePathCell.h */ = {isa = PBXFileReference; fileEncoding = 4; lastKnownFileType = sourcecode.c.h; path = PlacePathCell.h; sourceTree = "<group>"; };
		E3B9609E17E472A60008EC06 /* PlacePathCell.m */ = {isa = PBXFileReference; fileEncoding = 4; lastKnownFileType = sourcecode.c.objc; path = PlacePathCell.m; sourceTree = "<group>"; };
		E3B960A017E4872D0008EC06 /* PathListCell.h */ = {isa = PBXFileReference; fileEncoding = 4; lastKnownFileType = sourcecode.c.h; path = PathListCell.h; sourceTree = "<group>"; };
		E3B960A117E4872D0008EC06 /* PathListCell.m */ = {isa = PBXFileReference; fileEncoding = 4; lastKnownFileType = sourcecode.c.objc; path = PathListCell.m; sourceTree = "<group>"; };
		E3B960A517E488B20008EC06 /* EGOCache.h */ = {isa = PBXFileReference; fileEncoding = 4; lastKnownFileType = sourcecode.c.h; path = EGOCache.h; sourceTree = "<group>"; };
		E3B960A617E488B20008EC06 /* EGOCache.m */ = {isa = PBXFileReference; fileEncoding = 4; lastKnownFileType = sourcecode.c.objc; path = EGOCache.m; sourceTree = "<group>"; };
		E3B960A817E488B20008EC06 /* EGOImageButton.h */ = {isa = PBXFileReference; fileEncoding = 4; lastKnownFileType = sourcecode.c.h; path = EGOImageButton.h; sourceTree = "<group>"; };
		E3B960A917E488B20008EC06 /* EGOImageButton.m */ = {isa = PBXFileReference; fileEncoding = 4; lastKnownFileType = sourcecode.c.objc; path = EGOImageButton.m; sourceTree = "<group>"; };
		E3B960AB17E488B20008EC06 /* EGOImageLoadConnection.h */ = {isa = PBXFileReference; fileEncoding = 4; lastKnownFileType = sourcecode.c.h; path = EGOImageLoadConnection.h; sourceTree = "<group>"; };
		E3B960AC17E488B20008EC06 /* EGOImageLoadConnection.m */ = {isa = PBXFileReference; fileEncoding = 4; lastKnownFileType = sourcecode.c.objc; path = EGOImageLoadConnection.m; sourceTree = "<group>"; };
		E3B960AD17E488B20008EC06 /* EGOImageLoader.h */ = {isa = PBXFileReference; fileEncoding = 4; lastKnownFileType = sourcecode.c.h; path = EGOImageLoader.h; sourceTree = "<group>"; };
		E3B960AE17E488B20008EC06 /* EGOImageLoader.m */ = {isa = PBXFileReference; fileEncoding = 4; lastKnownFileType = sourcecode.c.objc; path = EGOImageLoader.m; sourceTree = "<group>"; };
		E3B960B017E488B20008EC06 /* EGOImageView.h */ = {isa = PBXFileReference; fileEncoding = 4; lastKnownFileType = sourcecode.c.h; path = EGOImageView.h; sourceTree = "<group>"; };
		E3B960B117E488B20008EC06 /* EGOImageView.m */ = {isa = PBXFileReference; fileEncoding = 4; lastKnownFileType = sourcecode.c.objc; path = EGOImageView.m; sourceTree = "<group>"; };
		E3B960B817E4B4A80008EC06 /* RegUserViewController.h */ = {isa = PBXFileReference; fileEncoding = 4; lastKnownFileType = sourcecode.c.h; path = RegUserViewController.h; sourceTree = "<group>"; };
		E3B960B917E4B4A80008EC06 /* RegUserViewController.m */ = {isa = PBXFileReference; fileEncoding = 4; lastKnownFileType = sourcecode.c.objc; path = RegUserViewController.m; sourceTree = "<group>"; };
		E3B960BB17E4B4BE0008EC06 /* LoginViewController.h */ = {isa = PBXFileReference; fileEncoding = 4; lastKnownFileType = sourcecode.c.h; path = LoginViewController.h; sourceTree = "<group>"; };
		E3B960BC17E4B4BE0008EC06 /* LoginViewController.m */ = {isa = PBXFileReference; fileEncoding = 4; lastKnownFileType = sourcecode.c.objc; path = LoginViewController.m; sourceTree = "<group>"; };
/* End PBXFileReference section */

/* Begin PBXFrameworksBuildPhase section */
		E36E9DA717A6CBF100AC2DB6 /* Frameworks */ = {
			isa = PBXFrameworksBuildPhase;
			buildActionMask = 2147483647;
			files = (
				E36E9DAE17A6CBF100AC2DB6 /* UIKit.framework in Frameworks */,
				E36E9DB017A6CBF100AC2DB6 /* Foundation.framework in Frameworks */,
				E36E9DB217A6CBF100AC2DB6 /* CoreGraphics.framework in Frameworks */,
			);
			runOnlyForDeploymentPostprocessing = 0;
		};
/* End PBXFrameworksBuildPhase section */

/* Begin PBXGroup section */
		E36669BC17A6D49F00A3E39C /* images */ = {
			isa = PBXGroup;
			children = (
				E3B95FB117E465620008EC06 /* bg.png */,
				E3B95FB217E465620008EC06 /* bg@2x.png */,
				E3B95FB317E465620008EC06 /* btn_add.png */,
				E3B95FB417E465620008EC06 /* btn_add@2x.png */,
				E3B95FB517E465620008EC06 /* btn_bind.png */,
				E3B95FB617E465620008EC06 /* btn_bind@2x.png */,
				E3B95FB717E465620008EC06 /* btn_change.png */,
				E3B95FB817E465620008EC06 /* btn_change@2x.png */,
				E3B95FB917E465620008EC06 /* btn_code.png */,
				E3B95FBA17E465620008EC06 /* btn_code@2x.png */,
				E3B95FBB17E465620008EC06 /* btn_enroll.png */,
				E3B95FBC17E465620008EC06 /* btn_enroll@2x.png */,
				E3B95FBD17E465620008EC06 /* btn_message.png */,
				E3B95FBE17E465620008EC06 /* btn_message@2x.png */,
				E3B95FBF17E465620008EC06 /* btn_phone.png */,
				E3B95FC017E465620008EC06 /* btn_phone@2x.png */,
				E3B95FC117E465620008EC06 /* btn_red.png */,
				E3B95FC217E465620008EC06 /* btn_red@2x.png */,
				E3B95FC317E465620008EC06 /* btn_select.png */,
				E3B95FC417E465620008EC06 /* btn_select@2x.png */,
				E3B95FC517E465620008EC06 /* btn_send.png */,
				E3B95FC617E465620008EC06 /* btn_send@2x.png */,
				E3B95FC717E465620008EC06 /* btn_sure.png */,
				E3B95FC817E465620008EC06 /* btn_sure@2x.png */,
				E3B95FC917E465620008EC06 /* btn_white.png */,
				E3B95FCA17E465620008EC06 /* btn_white@2x.png */,
				E3B95FCB17E465620008EC06 /* chat_anothe.png */,
				E3B95FCC17E465620008EC06 /* chat_anothe@2x.png */,
				E3B95FCD17E465620008EC06 /* chat_bg.png */,
				E3B95FCE17E465620008EC06 /* chat_bg@2x.png */,
				E3B95FCF17E465620008EC06 /* chat_self.png */,
				E3B95FD017E465620008EC06 /* chat_self@2x.png */,
				E3B95FD117E465620008EC06 /* chat_user.png */,
				E3B95FD217E465620008EC06 /* chat_user@2x.png */,
				E3B95FD317E465620008EC06 /* checkbox.png */,
				E3B95FD417E465620008EC06 /* checkbox@2x.png */,
				E3B95FD517E465620008EC06 /* closed.png */,
				E3B95FD617E465620008EC06 /* closed@2x.png */,
				E3B95FD717E465620008EC06 /* edit.png */,
				E3B95FD817E465620008EC06 /* edit@2x.png */,
				E3B95FD917E465620008EC06 /* enroll_bg.png */,
				E3B95FDA17E465620008EC06 /* enroll_bg@2x.png */,
				E3B95FDB17E465620008EC06 /* enter.png */,
				E3B95FDC17E465620008EC06 /* enter@2x.png */,
				E3B95FDD17E465620008EC06 /* icon_end.png */,
				E3B95FDE17E465620008EC06 /* icon_end@2x.png */,
				E3B95FDF17E465620008EC06 /* icon_lend.png */,
				E3B95FE017E465620008EC06 /* icon_lend@2x.png */,
				E3B95FE117E465620008EC06 /* icon_lstart.png */,
				E3B95FE217E465620008EC06 /* icon_lstart@2x.png */,
				E3B95FE317E465620008EC06 /* icon_start.png */,
				E3B95FE417E465620008EC06 /* icon_start@2x.png */,
				E3B95FE517E465620008EC06 /* input_box.png */,
				E3B95FE617E465620008EC06 /* input_box@2x.png */,
				E3B95FE717E465620008EC06 /* licence.png */,
				E3B95FE817E465620008EC06 /* licence@2x.png */,
				E3B95FE917E465620008EC06 /* line.png */,
				E3B95FEA17E465620008EC06 /* line@2x.png */,
				E3B95FEB17E465620008EC06 /* local.png */,
				E3B95FEC17E465620008EC06 /* local@2x.png */,
				E3B95FED17E465620008EC06 /* message_tip.png */,
				E3B95FEE17E465620008EC06 /* message_tip@2x.png */,
				E3B95FEF17E465620008EC06 /* mine.png */,
				E3B95FF017E465620008EC06 /* mine@2x.png */,
				E3B95FF117E465620008EC06 /* model_bg.png */,
				E3B95FF217E465620008EC06 /* model_bg@2x.png */,
				E3B95FF317E465620008EC06 /* owner.png */,
				E3B95FF417E465620008EC06 /* owner@2x.png */,
				E3B95FF517E465630008EC06 /* paper_bg.png */,
				E3B95FF617E465630008EC06 /* paper_bg@2x.png */,
				E3B95FF717E465630008EC06 /* phonetic.png */,
				E3B95FF817E465630008EC06 /* phonetic@2x.png */,
				E3B95FF917E465630008EC06 /* qq.png */,
				E3B95FFA17E465630008EC06 /* qq@2x.png */,
				E3B95FFB17E465630008EC06 /* route_enter.png */,
				E3B95FFC17E465630008EC06 /* route_enter@2x.png */,
				E3B95FFD17E465630008EC06 /* s_sina.png */,
				E3B95FFE17E465630008EC06 /* s_sina@2x.png */,
				E3B95FFF17E465630008EC06 /* sdown.png */,
				E3B9600017E465630008EC06 /* sdown@2x.png */,
				E3B9600117E465630008EC06 /* search.png */,
				E3B9600217E465630008EC06 /* search@2x.png */,
				E3B9600317E465630008EC06 /* searchcar.png */,
				E3B9600417E465630008EC06 /* searchcar@2x.png */,
				E3B9600517E465630008EC06 /* sina.png */,
				E3B9600617E465630008EC06 /* sina@2x.png */,
				E3B9600717E465630008EC06 /* tab_home_select.png */,
				E3B9600817E465630008EC06 /* tab_home_select@2x.png */,
				E3B9600917E465630008EC06 /* tab_home.png */,
				E3B9600A17E465630008EC06 /* tab_home@2x.png */,
				E3B9600B17E465630008EC06 /* tab_me_select.png */,
				E3B9600C17E465630008EC06 /* tab_me_select@2x.png */,
				E3B9600D17E465630008EC06 /* tab_me.png */,
				E3B9600E17E465630008EC06 /* tab_me@2x.png */,
				E3B9600F17E465630008EC06 /* tab_message_select.png */,
				E3B9601017E465630008EC06 /* tab_message_select@2x.png */,
				E3B9601117E465630008EC06 /* tab_message.png */,
				E3B9601217E465630008EC06 /* tab_message@2x.png */,
				E3B9601317E465630008EC06 /* tab_square_select.png */,
				E3B9601417E465630008EC06 /* tab_square_select@2x.png */,
				E3B9601517E465630008EC06 /* tab_square.png */,
				E3B9601617E465630008EC06 /* tab_square@2x.png */,
				E3B9601717E465630008EC06 /* time.png */,
				E3B9601817E465630008EC06 /* time@2x.png */,
				E3B9601917E465630008EC06 /* tip.png */,
				E3B9601A17E465630008EC06 /* tip@2x.png */,
				E3B9601B17E465630008EC06 /* top_bg.png */,
				E3B9601C17E465630008EC06 /* top_bg@2x.png */,
				E3B9601D17E465630008EC06 /* upload_02phto.png */,
				E3B9601E17E465630008EC06 /* upload_02phto@2x.png */,
				E3B9601F17E465630008EC06 /* upload_phto.png */,
				E3B9602017E465630008EC06 /* upload_phto@2x.png */,
				E3B9602117E465630008EC06 /* upload.png */,
				E3B9602217E465630008EC06 /* upload@2x.png */,
				E3B9602317E465630008EC06 /* upload02.png */,
				E3B9602417E465630008EC06 /* upload02@2x.png */,
				E3B9602517E465630008EC06 /* user.png */,
				E3B9602617E465630008EC06 /* user@2x.png */,
			);
			path = images;
			sourceTree = "<group>";
		};
		E36669C117A6D49F00A3E39C /* viewController */ = {
			isa = PBXGroup;
			children = (
				E3B960B717E4B4980008EC06 /* User */,
				E39DFA7417B152B4008A9E66 /* ModalView */,
				E36669C617A6D4C900A3E39C /* HomeViewController.h */,
				E36669C717A6D4C900A3E39C /* HomeViewController.m */,
				E36669C917A6D50E00A3E39C /* NearbyViewController.h */,
				E36669CA17A6D50E00A3E39C /* NearbyViewController.m */,
				E36669CC17A6D54800A3E39C /* MessageViewController.h */,
				E36669CD17A6D54800A3E39C /* MessageViewController.m */,
				E36669CF17A6D55C00A3E39C /* MineViewController.h */,
				E36669D017A6D55C00A3E39C /* MineViewController.m */,
				E3B9609D17E472A60008EC06 /* PlacePathCell.h */,
				E3B9609E17E472A60008EC06 /* PlacePathCell.m */,
				E3B960A017E4872D0008EC06 /* PathListCell.h */,
				E3B960A117E4872D0008EC06 /* PathListCell.m */,
			);
			path = viewController;
			sourceTree = "<group>";
		};
		E36669D417A6DA4100A3E39C /* baseUI */ = {
			isa = PBXGroup;
			children = (
				E36669D517A6DC6A00A3E39C /* BaseViewController.h */,
				E36669D617A6DC6A00A3E39C /* BaseViewController.m */,
				E36669D917A6E14600A3E39C /* BaseNavigationBar.h */,
			);
			path = baseUI;
			sourceTree = "<group>";
		};
		E36669D817A6DFA700A3E39C /* thirdSDK */ = {
			isa = PBXGroup;
			children = (
				E3B960A317E488B20008EC06 /* EGOImage */,
			);
			path = thirdSDK;
			sourceTree = "<group>";
		};
		E36E9DA117A6CBF100AC2DB6 = {
			isa = PBXGroup;
			children = (
				E36E9DB317A6CBF100AC2DB6 /* pincheke */,
				E36E9DAC17A6CBF100AC2DB6 /* Frameworks */,
				E36E9DAB17A6CBF100AC2DB6 /* Products */,
			);
			sourceTree = "<group>";
		};
		E36E9DAB17A6CBF100AC2DB6 /* Products */ = {
			isa = PBXGroup;
			children = (
				E36E9DAA17A6CBF100AC2DB6 /* pincheke.app */,
			);
			name = Products;
			sourceTree = "<group>";
		};
		E36E9DAC17A6CBF100AC2DB6 /* Frameworks */ = {
			isa = PBXGroup;
			children = (
				E36E9DAD17A6CBF100AC2DB6 /* UIKit.framework */,
				E36E9DAF17A6CBF100AC2DB6 /* Foundation.framework */,
				E36E9DB117A6CBF100AC2DB6 /* CoreGraphics.framework */,
			);
			name = Frameworks;
			sourceTree = "<group>";
		};
		E36E9DB317A6CBF100AC2DB6 /* pincheke */ = {
			isa = PBXGroup;
			children = (
				E36669D817A6DFA700A3E39C /* thirdSDK */,
				E36669D417A6DA4100A3E39C /* baseUI */,
				E36669BC17A6D49F00A3E39C /* images */,
				E36669C117A6D49F00A3E39C /* viewController */,
				E36E9DDE17A6CD5E00AC2DB6 /* global */,
				E36E9DBC17A6CBF100AC2DB6 /* AppDelegate.h */,
				E36E9DBD17A6CBF100AC2DB6 /* AppDelegate.m */,
				E36E9DB417A6CBF100AC2DB6 /* Supporting Files */,
			);
			path = pincheke;
			sourceTree = "<group>";
		};
		E36E9DB417A6CBF100AC2DB6 /* Supporting Files */ = {
			isa = PBXGroup;
			children = (
				E36E9DB517A6CBF100AC2DB6 /* pincheke-Info.plist */,
				E36E9DB617A6CBF100AC2DB6 /* InfoPlist.strings */,
				E36E9DB917A6CBF100AC2DB6 /* main.m */,
				E36E9DBB17A6CBF100AC2DB6 /* pincheke-Prefix.pch */,
				E36E9DBF17A6CBF100AC2DB6 /* Default.png */,
				E36E9DC117A6CBF100AC2DB6 /* Default@2x.png */,
				E36E9DC317A6CBF100AC2DB6 /* Default-568h@2x.png */,
			);
			name = "Supporting Files";
			sourceTree = "<group>";
		};
		E36E9DDE17A6CD5E00AC2DB6 /* global */ = {
			isa = PBXGroup;
			children = (
				E36669D217A6D7CA00A3E39C /* common.h */,
				E36669D317A6D91200A3E39C /* viewGlobal.h */,
			);
			path = global;
			sourceTree = "<group>";
		};
		E39DFA7417B152B4008A9E66 /* ModalView */ = {
			isa = PBXGroup;
			children = (
				E39DFA7517B152CE008A9E66 /* WelcomeViewController.h */,
				E39DFA7617B152CE008A9E66 /* WelcomeViewController.m */,
			);
			path = ModalView;
			sourceTree = "<group>";
		};
		E3B960A317E488B20008EC06 /* EGOImage */ = {
			isa = PBXGroup;
			children = (
				E3B960A417E488B20008EC06 /* EGOCache */,
				E3B960A717E488B20008EC06 /* EGOImageButton */,
				E3B960AA17E488B20008EC06 /* EGOImageLoader */,
				E3B960AF17E488B20008EC06 /* EGOImageView */,
			);
			path = EGOImage;
			sourceTree = "<group>";
		};
		E3B960A417E488B20008EC06 /* EGOCache */ = {
			isa = PBXGroup;
			children = (
				E3B960A517E488B20008EC06 /* EGOCache.h */,
				E3B960A617E488B20008EC06 /* EGOCache.m */,
			);
			path = EGOCache;
			sourceTree = "<group>";
		};
		E3B960A717E488B20008EC06 /* EGOImageButton */ = {
			isa = PBXGroup;
			children = (
				E3B960A817E488B20008EC06 /* EGOImageButton.h */,
				E3B960A917E488B20008EC06 /* EGOImageButton.m */,
			);
			path = EGOImageButton;
			sourceTree = "<group>";
		};
		E3B960AA17E488B20008EC06 /* EGOImageLoader */ = {
			isa = PBXGroup;
			children = (
				E3B960AB17E488B20008EC06 /* EGOImageLoadConnection.h */,
				E3B960AC17E488B20008EC06 /* EGOImageLoadConnection.m */,
				E3B960AD17E488B20008EC06 /* EGOImageLoader.h */,
				E3B960AE17E488B20008EC06 /* EGOImageLoader.m */,
			);
			path = EGOImageLoader;
			sourceTree = "<group>";
		};
		E3B960AF17E488B20008EC06 /* EGOImageView */ = {
			isa = PBXGroup;
			children = (
				E3B960B017E488B20008EC06 /* EGOImageView.h */,
				E3B960B117E488B20008EC06 /* EGOImageView.m */,
			);
			path = EGOImageView;
			sourceTree = "<group>";
		};
		E3B960B717E4B4980008EC06 /* User */ = {
			isa = PBXGroup;
			children = (
				E3B960B817E4B4A80008EC06 /* RegUserViewController.h */,
				E3B960B917E4B4A80008EC06 /* RegUserViewController.m */,
				E3B960BB17E4B4BE0008EC06 /* LoginViewController.h */,
				E3B960BC17E4B4BE0008EC06 /* LoginViewController.m */,
			);
			path = User;
			sourceTree = "<group>";
		};
/* End PBXGroup section */

/* Begin PBXNativeTarget section */
		E36E9DA917A6CBF100AC2DB6 /* pincheke */ = {
			isa = PBXNativeTarget;
			buildConfigurationList = E36E9DDB17A6CBF100AC2DB6 /* Build configuration list for PBXNativeTarget "pincheke" */;
			buildPhases = (
				E36E9DA617A6CBF100AC2DB6 /* Sources */,
				E36E9DA717A6CBF100AC2DB6 /* Frameworks */,
				E36E9DA817A6CBF100AC2DB6 /* Resources */,
			);
			buildRules = (
			);
			dependencies = (
			);
			name = pincheke;
			productName = pincheke;
			productReference = E36E9DAA17A6CBF100AC2DB6 /* pincheke.app */;
			productType = "com.apple.product-type.application";
		};
/* End PBXNativeTarget section */

/* Begin PBXProject section */
		E36E9DA217A6CBF100AC2DB6 /* Project object */ = {
			isa = PBXProject;
			attributes = {
				LastUpgradeCheck = 0460;
				ORGANIZATIONNAME = duan;
			};
			buildConfigurationList = E36E9DA517A6CBF100AC2DB6 /* Build configuration list for PBXProject "pincheke" */;
			compatibilityVersion = "Xcode 3.2";
			developmentRegion = English;
			hasScannedForEncodings = 0;
			knownRegions = (
				en,
				"zh-Hans",
			);
			mainGroup = E36E9DA117A6CBF100AC2DB6;
			productRefGroup = E36E9DAB17A6CBF100AC2DB6 /* Products */;
			projectDirPath = "";
			projectRoot = "";
			targets = (
				E36E9DA917A6CBF100AC2DB6 /* pincheke */,
			);
		};
/* End PBXProject section */

/* Begin PBXResourcesBuildPhase section */
		E36E9DA817A6CBF100AC2DB6 /* Resources */ = {
			isa = PBXResourcesBuildPhase;
			buildActionMask = 2147483647;
			files = (
				E36E9DB817A6CBF100AC2DB6 /* InfoPlist.strings in Resources */,
				E36E9DC017A6CBF100AC2DB6 /* Default.png in Resources */,
				E36E9DC217A6CBF100AC2DB6 /* Default@2x.png in Resources */,
				E36E9DC417A6CBF100AC2DB6 /* Default-568h@2x.png in Resources */,
				E3B9602717E465630008EC06 /* bg.png in Resources */,
				E3B9602817E465630008EC06 /* bg@2x.png in Resources */,
				E3B9602917E465630008EC06 /* btn_add.png in Resources */,
				E3B9602A17E465630008EC06 /* btn_add@2x.png in Resources */,
				E3B9602B17E465630008EC06 /* btn_bind.png in Resources */,
				E3B9602C17E465630008EC06 /* btn_bind@2x.png in Resources */,
				E3B9602D17E465630008EC06 /* btn_change.png in Resources */,
				E3B9602E17E465630008EC06 /* btn_change@2x.png in Resources */,
				E3B9602F17E465630008EC06 /* btn_code.png in Resources */,
				E3B9603017E465630008EC06 /* btn_code@2x.png in Resources */,
				E3B9603117E465630008EC06 /* btn_enroll.png in Resources */,
				E3B9603217E465630008EC06 /* btn_enroll@2x.png in Resources */,
				E3B9603317E465630008EC06 /* btn_message.png in Resources */,
				E3B9603417E465630008EC06 /* btn_message@2x.png in Resources */,
				E3B9603517E465630008EC06 /* btn_phone.png in Resources */,
				E3B9603617E465630008EC06 /* btn_phone@2x.png in Resources */,
				E3B9603717E465630008EC06 /* btn_red.png in Resources */,
				E3B9603817E465630008EC06 /* btn_red@2x.png in Resources */,
				E3B9603917E465630008EC06 /* btn_select.png in Resources */,
				E3B9603A17E465630008EC06 /* btn_select@2x.png in Resources */,
				E3B9603B17E465630008EC06 /* btn_send.png in Resources */,
				E3B9603C17E465630008EC06 /* btn_send@2x.png in Resources */,
				E3B9603D17E465630008EC06 /* btn_sure.png in Resources */,
				E3B9603E17E465630008EC06 /* btn_sure@2x.png in Resources */,
				E3B9603F17E465630008EC06 /* btn_white.png in Resources */,
				E3B9604017E465630008EC06 /* btn_white@2x.png in Resources */,
				E3B9604117E465630008EC06 /* chat_anothe.png in Resources */,
				E3B9604217E465630008EC06 /* chat_anothe@2x.png in Resources */,
				E3B9604317E465630008EC06 /* chat_bg.png in Resources */,
				E3B9604417E465630008EC06 /* chat_bg@2x.png in Resources */,
				E3B9604517E465630008EC06 /* chat_self.png in Resources */,
				E3B9604617E465630008EC06 /* chat_self@2x.png in Resources */,
				E3B9604717E465630008EC06 /* chat_user.png in Resources */,
				E3B9604817E465630008EC06 /* chat_user@2x.png in Resources */,
				E3B9604917E465630008EC06 /* checkbox.png in Resources */,
				E3B9604A17E465630008EC06 /* checkbox@2x.png in Resources */,
				E3B9604B17E465630008EC06 /* closed.png in Resources */,
				E3B9604C17E465630008EC06 /* closed@2x.png in Resources */,
				E3B9604D17E465630008EC06 /* edit.png in Resources */,
				E3B9604E17E465630008EC06 /* edit@2x.png in Resources */,
				E3B9604F17E465630008EC06 /* enroll_bg.png in Resources */,
				E3B9605017E465630008EC06 /* enroll_bg@2x.png in Resources */,
				E3B9605117E465630008EC06 /* enter.png in Resources */,
				E3B9605217E465630008EC06 /* enter@2x.png in Resources */,
				E3B9605317E465630008EC06 /* icon_end.png in Resources */,
				E3B9605417E465630008EC06 /* icon_end@2x.png in Resources */,
				E3B9605517E465630008EC06 /* icon_lend.png in Resources */,
				E3B9605617E465630008EC06 /* icon_lend@2x.png in Resources */,
				E3B9605717E465630008EC06 /* icon_lstart.png in Resources */,
				E3B9605817E465630008EC06 /* icon_lstart@2x.png in Resources */,
				E3B9605917E465630008EC06 /* icon_start.png in Resources */,
				E3B9605A17E465630008EC06 /* icon_start@2x.png in Resources */,
				E3B9605B17E465630008EC06 /* input_box.png in Resources */,
				E3B9605C17E465630008EC06 /* input_box@2x.png in Resources */,
				E3B9605D17E465630008EC06 /* licence.png in Resources */,
				E3B9605E17E465630008EC06 /* licence@2x.png in Resources */,
				E3B9605F17E465630008EC06 /* line.png in Resources */,
				E3B9606017E465630008EC06 /* line@2x.png in Resources */,
				E3B9606117E465630008EC06 /* local.png in Resources */,
				E3B9606217E465630008EC06 /* local@2x.png in Resources */,
				E3B9606317E465630008EC06 /* message_tip.png in Resources */,
				E3B9606417E465630008EC06 /* message_tip@2x.png in Resources */,
				E3B9606517E465630008EC06 /* mine.png in Resources */,
				E3B9606617E465630008EC06 /* mine@2x.png in Resources */,
				E3B9606717E465630008EC06 /* model_bg.png in Resources */,
				E3B9606817E465630008EC06 /* model_bg@2x.png in Resources */,
				E3B9606917E465630008EC06 /* owner.png in Resources */,
				E3B9606A17E465630008EC06 /* owner@2x.png in Resources */,
				E3B9606B17E465630008EC06 /* paper_bg.png in Resources */,
				E3B9606C17E465630008EC06 /* paper_bg@2x.png in Resources */,
				E3B9606D17E465630008EC06 /* phonetic.png in Resources */,
				E3B9606E17E465630008EC06 /* phonetic@2x.png in Resources */,
				E3B9606F17E465630008EC06 /* qq.png in Resources */,
				E3B9607017E465630008EC06 /* qq@2x.png in Resources */,
				E3B9607117E465630008EC06 /* route_enter.png in Resources */,
				E3B9607217E465630008EC06 /* route_enter@2x.png in Resources */,
				E3B9607317E465630008EC06 /* s_sina.png in Resources */,
				E3B9607417E465630008EC06 /* s_sina@2x.png in Resources */,
				E3B9607517E465630008EC06 /* sdown.png in Resources */,
				E3B9607617E465630008EC06 /* sdown@2x.png in Resources */,
				E3B9607717E465630008EC06 /* search.png in Resources */,
				E3B9607817E465630008EC06 /* search@2x.png in Resources */,
				E3B9607917E465630008EC06 /* searchcar.png in Resources */,
				E3B9607A17E465630008EC06 /* searchcar@2x.png in Resources */,
				E3B9607B17E465630008EC06 /* sina.png in Resources */,
				E3B9607C17E465630008EC06 /* sina@2x.png in Resources */,
				E3B9607D17E465630008EC06 /* tab_home_select.png in Resources */,
				E3B9607E17E465630008EC06 /* tab_home_select@2x.png in Resources */,
				E3B9607F17E465630008EC06 /* tab_home.png in Resources */,
				E3B9608017E465630008EC06 /* tab_home@2x.png in Resources */,
				E3B9608117E465630008EC06 /* tab_me_select.png in Resources */,
				E3B9608217E465630008EC06 /* tab_me_select@2x.png in Resources */,
				E3B9608317E465630008EC06 /* tab_me.png in Resources */,
				E3B9608417E465630008EC06 /* tab_me@2x.png in Resources */,
				E3B9608517E465630008EC06 /* tab_message_select.png in Resources */,
				E3B9608617E465630008EC06 /* tab_message_select@2x.png in Resources */,
				E3B9608717E465630008EC06 /* tab_message.png in Resources */,
				E3B9608817E465630008EC06 /* tab_message@2x.png in Resources */,
				E3B9608917E465630008EC06 /* tab_square_select.png in Resources */,
				E3B9608A17E465630008EC06 /* tab_square_select@2x.png in Resources */,
				E3B9608B17E465630008EC06 /* tab_square.png in Resources */,
				E3B9608C17E465630008EC06 /* tab_square@2x.png in Resources */,
				E3B9608D17E465630008EC06 /* time.png in Resources */,
				E3B9608E17E465630008EC06 /* time@2x.png in Resources */,
				E3B9608F17E465630008EC06 /* tip.png in Resources */,
				E3B9609017E465630008EC06 /* tip@2x.png in Resources */,
				E3B9609117E465630008EC06 /* top_bg.png in Resources */,
				E3B9609217E465630008EC06 /* top_bg@2x.png in Resources */,
				E3B9609317E465630008EC06 /* upload_02phto.png in Resources */,
				E3B9609417E465630008EC06 /* upload_02phto@2x.png in Resources */,
				E3B9609517E465630008EC06 /* upload_phto.png in Resources */,
				E3B9609617E465630008EC06 /* upload_phto@2x.png in Resources */,
				E3B9609717E465630008EC06 /* upload.png in Resources */,
				E3B9609817E465630008EC06 /* upload@2x.png in Resources */,
				E3B9609917E465630008EC06 /* upload02.png in Resources */,
				E3B9609A17E465630008EC06 /* upload02@2x.png in Resources */,
				E3B9609B17E465630008EC06 /* user.png in Resources */,
				E3B9609C17E465630008EC06 /* user@2x.png in Resources */,
			);
			runOnlyForDeploymentPostprocessing = 0;
		};
/* End PBXResourcesBuildPhase section */

/* Begin PBXSourcesBuildPhase section */
		E36E9DA617A6CBF100AC2DB6 /* Sources */ = {
			isa = PBXSourcesBuildPhase;
			buildActionMask = 2147483647;
			files = (
				E36E9DBA17A6CBF100AC2DB6 /* main.m in Sources */,
				E36E9DBE17A6CBF100AC2DB6 /* AppDelegate.m in Sources */,
				E36669C817A6D4C900A3E39C /* HomeViewController.m in Sources */,
				E36669CB17A6D50E00A3E39C /* NearbyViewController.m in Sources */,
				E36669CE17A6D54800A3E39C /* MessageViewController.m in Sources */,
				E36669D117A6D55C00A3E39C /* MineViewController.m in Sources */,
				E36669D717A6DC6A00A3E39C /* BaseViewController.m in Sources */,
				E39DFA7717B152CE008A9E66 /* WelcomeViewController.m in Sources */,
				E3B9609F17E472A60008EC06 /* PlacePathCell.m in Sources */,
				E3B960A217E4872E0008EC06 /* PathListCell.m in Sources */,
				E3B960B217E488B20008EC06 /* EGOCache.m in Sources */,
				E3B960B317E488B20008EC06 /* EGOImageButton.m in Sources */,
				E3B960B417E488B20008EC06 /* EGOImageLoadConnection.m in Sources */,
				E3B960B517E488B20008EC06 /* EGOImageLoader.m in Sources */,
				E3B960B617E488B20008EC06 /* EGOImageView.m in Sources */,
				E3B960BA17E4B4A80008EC06 /* RegUserViewController.m in Sources */,
				E3B960BD17E4B4BE0008EC06 /* LoginViewController.m in Sources */,
			);
			runOnlyForDeploymentPostprocessing = 0;
		};
/* End PBXSourcesBuildPhase section */

/* Begin PBXVariantGroup section */
		E36E9DB617A6CBF100AC2DB6 /* InfoPlist.strings */ = {
			isa = PBXVariantGroup;
			children = (
				E36E9DE117A6D08400AC2DB6 /* zh-Hans */,
			);
			name = InfoPlist.strings;
			sourceTree = "<group>";
		};
/* End PBXVariantGroup section */

/* Begin XCBuildConfiguration section */
		E36E9DD917A6CBF100AC2DB6 /* Debug */ = {
			isa = XCBuildConfiguration;
			buildSettings = {
				ALWAYS_SEARCH_USER_PATHS = NO;
				CLANG_CXX_LANGUAGE_STANDARD = "gnu++0x";
				CLANG_CXX_LIBRARY = "libc++";
				CLANG_WARN_CONSTANT_CONVERSION = YES;
				CLANG_WARN_EMPTY_BODY = YES;
				CLANG_WARN_ENUM_CONVERSION = YES;
				CLANG_WARN_INT_CONVERSION = YES;
				CLANG_WARN__DUPLICATE_METHOD_MATCH = YES;
				CODE_SIGN_IDENTITY = "";
				"CODE_SIGN_IDENTITY[sdk=iphoneos*]" = "iPhone Developer";
				COPY_PHASE_STRIP = NO;
				GCC_C_LANGUAGE_STANDARD = gnu99;
				GCC_DYNAMIC_NO_PIC = NO;
				GCC_OPTIMIZATION_LEVEL = 0;
				GCC_PREPROCESSOR_DEFINITIONS = (
					"DEBUG=1",
					"$(inherited)",
				);
				GCC_SYMBOLS_PRIVATE_EXTERN = NO;
				GCC_WARN_ABOUT_RETURN_TYPE = YES;
				GCC_WARN_UNINITIALIZED_AUTOS = YES;
				GCC_WARN_UNUSED_VARIABLE = YES;
				IPHONEOS_DEPLOYMENT_TARGET = 4.3;
				ONLY_ACTIVE_ARCH = YES;
				SDKROOT = iphoneos;
			};
			name = Debug;
		};
		E36E9DDA17A6CBF100AC2DB6 /* Release */ = {
			isa = XCBuildConfiguration;
			buildSettings = {
				ALWAYS_SEARCH_USER_PATHS = NO;
				CLANG_CXX_LANGUAGE_STANDARD = "gnu++0x";
				CLANG_CXX_LIBRARY = "libc++";
				CLANG_WARN_CONSTANT_CONVERSION = YES;
				CLANG_WARN_EMPTY_BODY = YES;
				CLANG_WARN_ENUM_CONVERSION = YES;
				CLANG_WARN_INT_CONVERSION = YES;
				CLANG_WARN__DUPLICATE_METHOD_MATCH = YES;
				CODE_SIGN_IDENTITY = "";
				"CODE_SIGN_IDENTITY[sdk=iphoneos*]" = "iPhone Developer";
				COPY_PHASE_STRIP = YES;
				GCC_C_LANGUAGE_STANDARD = gnu99;
				GCC_WARN_ABOUT_RETURN_TYPE = YES;
				GCC_WARN_UNINITIALIZED_AUTOS = YES;
				GCC_WARN_UNUSED_VARIABLE = YES;
				IPHONEOS_DEPLOYMENT_TARGET = 4.3;
				OTHER_CFLAGS = "-DNS_BLOCK_ASSERTIONS=1";
				SDKROOT = iphoneos;
				VALIDATE_PRODUCT = YES;
			};
			name = Release;
		};
		E36E9DDC17A6CBF100AC2DB6 /* Debug */ = {
			isa = XCBuildConfiguration;
			buildSettings = {
				GCC_PRECOMPILE_PREFIX_HEADER = YES;
				GCC_PREFIX_HEADER = "pincheke/pincheke-Prefix.pch";
				INFOPLIST_FILE = "pincheke/pincheke-Info.plist";
				IPHONEOS_DEPLOYMENT_TARGET = 4.3;
				PRODUCT_NAME = "$(TARGET_NAME)";
				WRAPPER_EXTENSION = app;
			};
			name = Debug;
		};
		E36E9DDD17A6CBF100AC2DB6 /* Release */ = {
			isa = XCBuildConfiguration;
			buildSettings = {
				GCC_PRECOMPILE_PREFIX_HEADER = YES;
				GCC_PREFIX_HEADER = "pincheke/pincheke-Prefix.pch";
				INFOPLIST_FILE = "pincheke/pincheke-Info.plist";
				IPHONEOS_DEPLOYMENT_TARGET = 4.3;
				PRODUCT_NAME = "$(TARGET_NAME)";
				WRAPPER_EXTENSION = app;
			};
			name = Release;
		};
/* End XCBuildConfiguration section */

/* Begin XCConfigurationList section */
		E36E9DA517A6CBF100AC2DB6 /* Build configuration list for PBXProject "pincheke" */ = {
			isa = XCConfigurationList;
			buildConfigurations = (
				E36E9DD917A6CBF100AC2DB6 /* Debug */,
				E36E9DDA17A6CBF100AC2DB6 /* Release */,
			);
			defaultConfigurationIsVisible = 0;
			defaultConfigurationName = Release;
		};
		E36E9DDB17A6CBF100AC2DB6 /* Build configuration list for PBXNativeTarget "pincheke" */ = {
			isa = XCConfigurationList;
			buildConfigurations = (
				E36E9DDC17A6CBF100AC2DB6 /* Debug */,
				E36E9DDD17A6CBF100AC2DB6 /* Release */,
			);
			defaultConfigurationIsVisible = 0;
			defaultConfigurationName = Release;
		};
/* End XCConfigurationList section */
	};
	rootObject = E36E9DA217A6CBF100AC2DB6 /* Project object */;
}
